// !$*UTF8*$!
{
	archiveVersion = 1;
	classes = {
	};
	objectVersion = 46;
	objects = {

/* Begin PBXBuildFile section */
		1D3623260D0F684500981E51 /* TimidTigerAppDelegate.m in Sources */ = {isa = PBXBuildFile; fileRef = 1D3623250D0F684500981E51 /* TimidTigerAppDelegate.m */; };
		1D60589B0D05DD56006BFB54 /* main.m in Sources */ = {isa = PBXBuildFile; fileRef = 29B97316FDCFA39411CA2CEA /* main.m */; };
		1D60589F0D05DD5A006BFB54 /* Foundation.framework in Frameworks */ = {isa = PBXBuildFile; fileRef = 1D30AB110D05D00D00671497 /* Foundation.framework */; };
		1DF5F4E00D08C38300B7A737 /* UIKit.framework in Frameworks */ = {isa = PBXBuildFile; fileRef = 1DF5F4DF0D08C38300B7A737 /* UIKit.framework */; };
		1FC2CFC1121A1E81008A4DCA /* settings.plist in Resources */ = {isa = PBXBuildFile; fileRef = 1FC2CFC0121A1E81008A4DCA /* settings.plist */; };
		1FC2D053121A2015008A4DCA /* before_reading.png in Resources */ = {isa = PBXBuildFile; fileRef = 1FC2D026121A2015008A4DCA /* before_reading.png */; };
		1FC2D054121A2015008A4DCA /* title_before.png in Resources */ = {isa = PBXBuildFile; fileRef = 1FC2D027121A2015008A4DCA /* title_before.png */; };
		1FC2D055121A2015008A4DCA /* bgm.mp3 in Resources */ = {isa = PBXBuildFile; fileRef = 1FC2D029121A2015008A4DCA /* bgm.mp3 */; };
		1FC2D056121A2015008A4DCA /* book.png in Resources */ = {isa = PBXBuildFile; fileRef = 1FC2D02A121A2015008A4DCA /* book.png */; };
		1FC2D057121A2015008A4DCA /* title.png in Resources */ = {isa = PBXBuildFile; fileRef = 1FC2D02B121A2015008A4DCA /* title.png */; };
		1FC2D058121A2015008A4DCA /* 01.mp4 in Resources */ = {isa = PBXBuildFile; fileRef = 1FC2D02D121A2015008A4DCA /* 01.mp4 */; };
		1FC2D059121A2015008A4DCA /* 01st.mp4 in Resources */ = {isa = PBXBuildFile; fileRef = 1FC2D02E121A2015008A4DCA /* 01st.mp4 */; };
		1FC2D05A121A2015008A4DCA /* 02.mp4 in Resources */ = {isa = PBXBuildFile; fileRef = 1FC2D02F121A2015008A4DCA /* 02.mp4 */; };
		1FC2D05B121A2015008A4DCA /* 02st.mp4 in Resources */ = {isa = PBXBuildFile; fileRef = 1FC2D030121A2015008A4DCA /* 02st.mp4 */; };
		1FC2D05C121A2015008A4DCA /* 03.mp4 in Resources */ = {isa = PBXBuildFile; fileRef = 1FC2D031121A2015008A4DCA /* 03.mp4 */; };
		1FC2D05D121A2015008A4DCA /* 03st.mp4 in Resources */ = {isa = PBXBuildFile; fileRef = 1FC2D032121A2015008A4DCA /* 03st.mp4 */; };
		1FC2D05E121A2015008A4DCA /* 04.mp4 in Resources */ = {isa = PBXBuildFile; fileRef = 1FC2D033121A2015008A4DCA /* 04.mp4 */; };
		1FC2D05F121A2015008A4DCA /* 04st.mp4 in Resources */ = {isa = PBXBuildFile; fileRef = 1FC2D034121A2015008A4DCA /* 04st.mp4 */; };
		1FC2D060121A2015008A4DCA /* 05.mp4 in Resources */ = {isa = PBXBuildFile; fileRef = 1FC2D035121A2015008A4DCA /* 05.mp4 */; };
		1FC2D061121A2015008A4DCA /* 05st.mp4 in Resources */ = {isa = PBXBuildFile; fileRef = 1FC2D036121A2015008A4DCA /* 05st.mp4 */; };
		1FC2D062121A2015008A4DCA /* 06.mp4 in Resources */ = {isa = PBXBuildFile; fileRef = 1FC2D037121A2015008A4DCA /* 06.mp4 */; };
		1FC2D063121A2015008A4DCA /* 06st.mp4 in Resources */ = {isa = PBXBuildFile; fileRef = 1FC2D038121A2015008A4DCA /* 06st.mp4 */; };
		1FC2D064121A2015008A4DCA /* 07.mp4 in Resources */ = {isa = PBXBuildFile; fileRef = 1FC2D039121A2015008A4DCA /* 07.mp4 */; };
		1FC2D065121A2015008A4DCA /* 07st.mp4 in Resources */ = {isa = PBXBuildFile; fileRef = 1FC2D03A121A2015008A4DCA /* 07st.mp4 */; };
		1FC2D066121A2015008A4DCA /* 08.mp4 in Resources */ = {isa = PBXBuildFile; fileRef = 1FC2D03B121A2015008A4DCA /* 08.mp4 */; };
		1FC2D067121A2015008A4DCA /* 08st.mp4 in Resources */ = {isa = PBXBuildFile; fileRef = 1FC2D03C121A2015008A4DCA /* 08st.mp4 */; };
		1FC2D068121A2015008A4DCA /* 09.mp4 in Resources */ = {isa = PBXBuildFile; fileRef = 1FC2D03D121A2015008A4DCA /* 09.mp4 */; };
		1FC2D069121A2015008A4DCA /* 09st.mp4 in Resources */ = {isa = PBXBuildFile; fileRef = 1FC2D03E121A2015008A4DCA /* 09st.mp4 */; };
		1FC2D06A121A2015008A4DCA /* 10.mp4 in Resources */ = {isa = PBXBuildFile; fileRef = 1FC2D03F121A2015008A4DCA /* 10.mp4 */; };
		1FC2D06B121A2015008A4DCA /* 10st.mp4 in Resources */ = {isa = PBXBuildFile; fileRef = 1FC2D040121A2015008A4DCA /* 10st.mp4 */; };
		1FC2D06C121A2015008A4DCA /* 11.mp4 in Resources */ = {isa = PBXBuildFile; fileRef = 1FC2D041121A2015008A4DCA /* 11.mp4 */; };
		1FC2D06D121A2015008A4DCA /* 11st.mp4 in Resources */ = {isa = PBXBuildFile; fileRef = 1FC2D042121A2015008A4DCA /* 11st.mp4 */; };
		1FC2D06E121A2015008A4DCA /* 12.mp4 in Resources */ = {isa = PBXBuildFile; fileRef = 1FC2D043121A2015008A4DCA /* 12.mp4 */; };
		1FC2D06F121A2015008A4DCA /* 12st.mp4 in Resources */ = {isa = PBXBuildFile; fileRef = 1FC2D044121A2015008A4DCA /* 12st.mp4 */; };
		1FC2D070121A2015008A4DCA /* 01.png in Resources */ = {isa = PBXBuildFile; fileRef = 1FC2D046121A2015008A4DCA /* 01.png */; };
		1FC2D071121A2015008A4DCA /* 02.png in Resources */ = {isa = PBXBuildFile; fileRef = 1FC2D047121A2015008A4DCA /* 02.png */; };
		1FC2D072121A2015008A4DCA /* 03.png in Resources */ = {isa = PBXBuildFile; fileRef = 1FC2D048121A2015008A4DCA /* 03.png */; };
		1FC2D073121A2015008A4DCA /* 04.png in Resources */ = {isa = PBXBuildFile; fileRef = 1FC2D049121A2015008A4DCA /* 04.png */; };
		1FC2D074121A2015008A4DCA /* 05.png in Resources */ = {isa = PBXBuildFile; fileRef = 1FC2D04A121A2015008A4DCA /* 05.png */; };
		1FC2D075121A2015008A4DCA /* 06.png in Resources */ = {isa = PBXBuildFile; fileRef = 1FC2D04B121A2015008A4DCA /* 06.png */; };
		1FC2D076121A2015008A4DCA /* 07.png in Resources */ = {isa = PBXBuildFile; fileRef = 1FC2D04C121A2015008A4DCA /* 07.png */; };
		1FC2D077121A2015008A4DCA /* 08.png in Resources */ = {isa = PBXBuildFile; fileRef = 1FC2D04D121A2015008A4DCA /* 08.png */; };
		1FC2D078121A2015008A4DCA /* 09.png in Resources */ = {isa = PBXBuildFile; fileRef = 1FC2D04E121A2015008A4DCA /* 09.png */; };
		1FC2D079121A2015008A4DCA /* 10.png in Resources */ = {isa = PBXBuildFile; fileRef = 1FC2D04F121A2015008A4DCA /* 10.png */; };
		1FC2D07A121A2015008A4DCA /* 11.png in Resources */ = {isa = PBXBuildFile; fileRef = 1FC2D050121A2015008A4DCA /* 11.png */; };
		1FC2D07B121A2015008A4DCA /* 12.png in Resources */ = {isa = PBXBuildFile; fileRef = 1FC2D051121A2015008A4DCA /* 12.png */; };
		1FC2D07C121A2015008A4DCA /* logo.mp4 in Resources */ = {isa = PBXBuildFile; fileRef = 1FC2D052121A2015008A4DCA /* logo.mp4 */; };
		1FC2D088121A2053008A4DCA /* AVFoundation.framework in Frameworks */ = {isa = PBXBuildFile; fileRef = 1FC2D087121A2053008A4DCA /* AVFoundation.framework */; };
		1FC2D08A121A2053008A4DCA /* MediaPlayer.framework in Frameworks */ = {isa = PBXBuildFile; fileRef = 1FC2D089121A2053008A4DCA /* MediaPlayer.framework */; };
		1FC2D08C121A2053008A4DCA /* MessageUI.framework in Frameworks */ = {isa = PBXBuildFile; fileRef = 1FC2D08B121A2053008A4DCA /* MessageUI.framework */; };
		1FC2D0D4121A23F8008A4DCA /* icon.png in Resources */ = {isa = PBXBuildFile; fileRef = 1FC2D0D3121A23F8008A4DCA /* icon.png */; };
		288765FD0DF74451002DB57D /* CoreGraphics.framework in Frameworks */ = {isa = PBXBuildFile; fileRef = 288765FC0DF74451002DB57D /* CoreGraphics.framework */; };
		28AD733F0D9D9553002E5188 /* MainWindow.xib in Resources */ = {isa = PBXBuildFile; fileRef = 28AD733E0D9D9553002E5188 /* MainWindow.xib */; };
		4C43FAB61793A263008D106F /* menu_bar.png in Resources */ = {isa = PBXBuildFile; fileRef = 4C43FAB51793A263008D106F /* menu_bar.png */; };
		4C43FAB81793A3EB008D106F /* icon_m_home.png in Resources */ = {isa = PBXBuildFile; fileRef = 4C43FAB71793A3EB008D106F /* icon_m_home.png */; };
		4C43FABA1793A412008D106F /* icon_m_info.png in Resources */ = {isa = PBXBuildFile; fileRef = 4C43FAB91793A412008D106F /* icon_m_info.png */; };
		4C43FABC1793A41A008D106F /* icon_m_mosaic.png in Resources */ = {isa = PBXBuildFile; fileRef = 4C43FABB1793A41A008D106F /* icon_m_mosaic.png */; };
		4C43FAC01793AF51008D106F /* icon_next.png in Resources */ = {isa = PBXBuildFile; fileRef = 4C43FABE1793AF51008D106F /* icon_next.png */; };
		4C43FAC11793AF51008D106F /* icon_prev.png in Resources */ = {isa = PBXBuildFile; fileRef = 4C43FABF1793AF51008D106F /* icon_prev.png */; };
		EA5548EF1785499F0084F546 /* OpenGLES.framework in Frameworks */ = {isa = PBXBuildFile; fileRef = EA5548EE1785499F0084F546 /* OpenGLES.framework */; };
		EA55492117854CC30084F546 /* ColorPickerView.m in Sources */ = {isa = PBXBuildFile; fileRef = EA5548F217854CC30084F546 /* ColorPickerView.m */; };
		EA55492217854CC30084F546 /* ActiveXDialog.cpp in Sources */ = {isa = PBXBuildFile; fileRef = EA5548F417854CC30084F546 /* ActiveXDialog.cpp */; };
		EA55492317854CC30084F546 /* ColoredPaper.cpp in Sources */ = {isa = PBXBuildFile; fileRef = EA5548F617854CC30084F546 /* ColoredPaper.cpp */; };
		EA55492417854CC30084F546 /* ColoredPaperMosaic.cpp in Sources */ = {isa = PBXBuildFile; fileRef = EA5548F817854CC30084F546 /* ColoredPaperMosaic.cpp */; };
		EA55492517854CC30084F546 /* ColoredPapperTile.cpp in Sources */ = {isa = PBXBuildFile; fileRef = EA5548FA17854CC30084F546 /* ColoredPapperTile.cpp */; };
		EA55492617854CC30084F546 /* dwLIC.cpp in Sources */ = {isa = PBXBuildFile; fileRef = EA5548FD17854CC30084F546 /* dwLIC.cpp */; };
		EA55492717854CC30084F546 /* ETF.cpp in Sources */ = {isa = PBXBuildFile; fileRef = EA5548FF17854CC30084F546 /* ETF.cpp */; };
		EA55492817854CC30084F546 /* fdog.cpp in Sources */ = {isa = PBXBuildFile; fileRef = EA55490117854CC30084F546 /* fdog.cpp */; };
		EA55492917854CC30084F546 /* InteractiveColoredPaperMosaic.cpp in Sources */ = {isa = PBXBuildFile; fileRef = EA55490517854CC30084F546 /* InteractiveColoredPaperMosaic.cpp */; };
		EA55492A17854CC30084F546 /* MNode.cpp in Sources */ = {isa = PBXBuildFile; fileRef = EA55490717854CC30084F546 /* MNode.cpp */; };
		EA55492B17854CC30084F546 /* MPoint.cpp in Sources */ = {isa = PBXBuildFile; fileRef = EA55490917854CC30084F546 /* MPoint.cpp */; };
		EA55492C17854CC30084F546 /* mSemaphore.cpp in Sources */ = {isa = PBXBuildFile; fileRef = EA55490B17854CC30084F546 /* mSemaphore.cpp */; };
		EA55492D17854CC30084F546 /* TornEffect.cpp in Sources */ = {isa = PBXBuildFile; fileRef = EA55490D17854CC30084F546 /* TornEffect.cpp */; };
		EA55492E17854CC30084F546 /* xDistanceTransform.cpp in Sources */ = {isa = PBXBuildFile; fileRef = EA55490F17854CC30084F546 /* xDistanceTransform.cpp */; };
		EA55492F17854CC30084F546 /* ObjectiveC.mm in Sources */ = {isa = PBXBuildFile; fileRef = EA55491217854CC30084F546 /* ObjectiveC.mm */; };
		EA55493017854CC30084F546 /* GLView.mm in Sources */ = {isa = PBXBuildFile; fileRef = EA55491517854CC30084F546 /* GLView.mm */; };
		EA55493117854CC30084F546 /* RenderingEngine1.cpp in Sources */ = {isa = PBXBuildFile; fileRef = EA55491917854CC30084F546 /* RenderingEngine1.cpp */; };
		EA55493217854CC30084F546 /* PaperMosaicCanvas.mm in Sources */ = {isa = PBXBuildFile; fileRef = EA55491C17854CC30084F546 /* PaperMosaicCanvas.mm */; };
		EA55493317854CC30084F546 /* PaperMosaicViewController.mm in Sources */ = {isa = PBXBuildFile; fileRef = EA55491E17854CC30084F546 /* PaperMosaicViewController.mm */; };
		EA55493417854CC30084F546 /* UIImageCVArrConverter.mm in Sources */ = {isa = PBXBuildFile; fileRef = EA55492017854CC30084F546 /* UIImageCVArrConverter.mm */; };
		EA5549361785502E0084F546 /* QuartzCore.framework in Frameworks */ = {isa = PBXBuildFile; fileRef = EA5549351785502E0084F546 /* QuartzCore.framework */; };
		EA554938178551140084F546 /* image_resource in Resources */ = {isa = PBXBuildFile; fileRef = EA554937178551140084F546 /* image_resource */; };
		EA5B6B69178546A900D17268 /* opencv2.framework in Frameworks */ = {isa = PBXBuildFile; fileRef = EA5B6B68178546A900D17268 /* opencv2.framework */; };
		EAEB2FAC1782FA12002D6520 /* Default-568h@2x.png in Resources */ = {isa = PBXBuildFile; fileRef = EAEB2FAB1782FA12002D6520 /* Default-568h@2x.png */; };
		EAEB2FC217830012002D6520 /* ContentsView.m in Sources */ = {isa = PBXBuildFile; fileRef = EAEB2FBD17830012002D6520 /* ContentsView.m */; };
		EAEB2FC317830012002D6520 /* MainViewController.m in Sources */ = {isa = PBXBuildFile; fileRef = EAEB2FBF17830012002D6520 /* MainViewController.m */; };
		EAEB2FC417830012002D6520 /* MenuView.m in Sources */ = {isa = PBXBuildFile; fileRef = EAEB2FC117830012002D6520 /* MenuView.m */; };
		EAEB2FEF178300A9002D6520 /* bg.png in Resources */ = {isa = PBXBuildFile; fileRef = EAEB2FC6178300A9002D6520 /* bg.png */; };
		EAEB2FF0178300A9002D6520 /* btn_again.png in Resources */ = {isa = PBXBuildFile; fileRef = EAEB2FC8178300A9002D6520 /* btn_again.png */; };
		EAEB2FF1178300A9002D6520 /* btn_mail.png in Resources */ = {isa = PBXBuildFile; fileRef = EAEB2FC9178300A9002D6520 /* btn_mail.png */; };
		EAEB2FF2178300A9002D6520 /* btn_twitter.png in Resources */ = {isa = PBXBuildFile; fileRef = EAEB2FCA178300A9002D6520 /* btn_twitter.png */; };
		EAEB2FF3178300A9002D6520 /* end_bottom_bg.png in Resources */ = {isa = PBXBuildFile; fileRef = EAEB2FCB178300A9002D6520 /* end_bottom_bg.png */; };
		EAEB2FF4178300A9002D6520 /* giantbigpot.png in Resources */ = {isa = PBXBuildFile; fileRef = EAEB2FCC178300A9002D6520 /* giantbigpot.png */; };
		EAEB2FF5178300A9002D6520 /* img_comingsoon.png in Resources */ = {isa = PBXBuildFile; fileRef = EAEB2FCD178300A9002D6520 /* img_comingsoon.png */; };
		EAEB2FF6178300A9002D6520 /* img_comingsoon2.png in Resources */ = {isa = PBXBuildFile; fileRef = EAEB2FCE178300A9002D6520 /* img_comingsoon2.png */; };
		EAEB2FF7178300A9002D6520 /* img_end.png in Resources */ = {isa = PBXBuildFile; fileRef = EAEB2FCF178300A9002D6520 /* img_end.png */; };
		EAEB2FF8178300A9002D6520 /* kinganchovy.png in Resources */ = {isa = PBXBuildFile; fileRef = EAEB2FD0178300A9002D6520 /* kinganchovy.png */; };
		EAEB2FF9178300A9002D6520 /* timidtiger.png in Resources */ = {isa = PBXBuildFile; fileRef = EAEB2FD1178300A9002D6520 /* timidtiger.png */; };
		EAEB2FFA178300A9002D6520 /* btn_beforeread.png in Resources */ = {isa = PBXBuildFile; fileRef = EAEB2FD3178300A9002D6520 /* btn_beforeread.png */; };
		EAEB2FFB178300A9002D6520 /* btn_read.png in Resources */ = {isa = PBXBuildFile; fileRef = EAEB2FD4178300A9002D6520 /* btn_read.png */; };
		EAEB2FFC178300A9002D6520 /* btn_setup.png in Resources */ = {isa = PBXBuildFile; fileRef = EAEB2FD5178300A9002D6520 /* btn_setup.png */; };
		EAEB2FFD178300A9002D6520 /* copyright.png in Resources */ = {isa = PBXBuildFile; fileRef = EAEB2FD6178300A9002D6520 /* copyright.png */; };
		EAEB2FFE178300A9002D6520 /* logo.png in Resources */ = {isa = PBXBuildFile; fileRef = EAEB2FD7178300A9002D6520 /* logo.png */; };
		EAEB2FFF178300A9002D6520 /* main_btn_more.png in Resources */ = {isa = PBXBuildFile; fileRef = EAEB2FD8178300A9002D6520 /* main_btn_more.png */; };
		EAEB3000178300A9002D6520 /* title_morebooks.png in Resources */ = {isa = PBXBuildFile; fileRef = EAEB2FD9178300A9002D6520 /* title_morebooks.png */; };
		EAEB3001178300A9002D6520 /* btn_back.png in Resources */ = {isa = PBXBuildFile; fileRef = EAEB2FDB178300A9002D6520 /* btn_back.png */; };
		EAEB3002178300A9002D6520 /* btn_home.png in Resources */ = {isa = PBXBuildFile; fileRef = EAEB2FDC178300A9002D6520 /* btn_home.png */; };
		EAEB3003178300A9002D6520 /* btn_next.png in Resources */ = {isa = PBXBuildFile; fileRef = EAEB2FDD178300A9002D6520 /* btn_next.png */; };
		EAEB3004178300A9002D6520 /* btn_page.png in Resources */ = {isa = PBXBuildFile; fileRef = EAEB2FDE178300A9002D6520 /* btn_page.png */; };
		EAEB3005178300A9002D6520 /* btn_pause.png in Resources */ = {isa = PBXBuildFile; fileRef = EAEB2FDF178300A9002D6520 /* btn_pause.png */; };
		EAEB3006178300A9002D6520 /* btn_play.png in Resources */ = {isa = PBXBuildFile; fileRef = EAEB2FE0178300A9002D6520 /* btn_play.png */; };
		EAEB3007178300A9002D6520 /* btn_prev.png in Resources */ = {isa = PBXBuildFile; fileRef = EAEB2FE1178300A9002D6520 /* btn_prev.png */; };
		EAEB3008178300A9002D6520 /* btn_subtitle_off.png in Resources */ = {isa = PBXBuildFile; fileRef = EAEB2FE2178300A9002D6520 /* btn_subtitle_off.png */; };
		EAEB3009178300A9002D6520 /* btn_subtitle_on.png in Resources */ = {isa = PBXBuildFile; fileRef = EAEB2FE3178300A9002D6520 /* btn_subtitle_on.png */; };
		EAEB300A178300A9002D6520 /* menu_bg.png in Resources */ = {isa = PBXBuildFile; fileRef = EAEB2FE4178300A9002D6520 /* menu_bg.png */; };
		EAEB300B178300A9002D6520 /* menu_bg_r.png in Resources */ = {isa = PBXBuildFile; fileRef = EAEB2FE5178300A9002D6520 /* menu_bg_r.png */; };
		EAEB300C178300A9002D6520 /* morebooktext.png in Resources */ = {isa = PBXBuildFile; fileRef = EAEB2FE6178300A9002D6520 /* morebooktext.png */; };
		EAEB300D178300A9002D6520 /* pageEffect.mp3 in Resources */ = {isa = PBXBuildFile; fileRef = EAEB2FE7178300A9002D6520 /* pageEffect.mp3 */; };
		EAEB300E178300A9002D6520 /* btn_auto_off.png in Resources */ = {isa = PBXBuildFile; fileRef = EAEB2FE9178300A9002D6520 /* btn_auto_off.png */; };
		EAEB300F178300A9002D6520 /* btn_hide_off.png in Resources */ = {isa = PBXBuildFile; fileRef = EAEB2FEA178300A9002D6520 /* btn_hide_off.png */; };
		EAEB3010178300A9002D6520 /* btn_manual_off.png in Resources */ = {isa = PBXBuildFile; fileRef = EAEB2FEB178300A9002D6520 /* btn_manual_off.png */; };
		EAEB3011178300A9002D6520 /* btn_view_off.png in Resources */ = {isa = PBXBuildFile; fileRef = EAEB2FEC178300A9002D6520 /* btn_view_off.png */; };
		EAEB3012178300A9002D6520 /* mark_check.png in Resources */ = {isa = PBXBuildFile; fileRef = EAEB2FED178300A9002D6520 /* mark_check.png */; };
		EAEB3013178300A9002D6520 /* set_bg.png in Resources */ = {isa = PBXBuildFile; fileRef = EAEB2FEE178300A9002D6520 /* set_bg.png */; };
/* End PBXBuildFile section */

/* Begin PBXFileReference section */
		1D30AB110D05D00D00671497 /* Foundation.framework */ = {isa = PBXFileReference; lastKnownFileType = wrapper.framework; name = Foundation.framework; path = System/Library/Frameworks/Foundation.framework; sourceTree = SDKROOT; };
		1D3623240D0F684500981E51 /* TimidTigerAppDelegate.h */ = {isa = PBXFileReference; fileEncoding = 4; lastKnownFileType = sourcecode.c.h; path = TimidTigerAppDelegate.h; sourceTree = "<group>"; };
		1D3623250D0F684500981E51 /* TimidTigerAppDelegate.m */ = {isa = PBXFileReference; fileEncoding = 4; lastKnownFileType = sourcecode.c.objc; path = TimidTigerAppDelegate.m; sourceTree = "<group>"; };
		1D6058910D05DD3D006BFB54 /* TimidTiger.app */ = {isa = PBXFileReference; explicitFileType = wrapper.application; includeInIndex = 0; path = TimidTiger.app; sourceTree = BUILT_PRODUCTS_DIR; };
		1DF5F4DF0D08C38300B7A737 /* UIKit.framework */ = {isa = PBXFileReference; lastKnownFileType = wrapper.framework; name = UIKit.framework; path = System/Library/Frameworks/UIKit.framework; sourceTree = SDKROOT; };
		1FC2CFC0121A1E81008A4DCA /* settings.plist */ = {isa = PBXFileReference; fileEncoding = 4; lastKnownFileType = text.plist.xml; path = settings.plist; sourceTree = "<group>"; };
		1FC2D026121A2015008A4DCA /* before_reading.png */ = {isa = PBXFileReference; lastKnownFileType = image.png; path = before_reading.png; sourceTree = "<group>"; };
		1FC2D027121A2015008A4DCA /* title_before.png */ = {isa = PBXFileReference; lastKnownFileType = image.png; path = title_before.png; sourceTree = "<group>"; };
		1FC2D029121A2015008A4DCA /* bgm.mp3 */ = {isa = PBXFileReference; lastKnownFileType = audio.mp3; path = bgm.mp3; sourceTree = "<group>"; };
		1FC2D02A121A2015008A4DCA /* book.png */ = {isa = PBXFileReference; lastKnownFileType = image.png; path = book.png; sourceTree = "<group>"; };
		1FC2D02B121A2015008A4DCA /* title.png */ = {isa = PBXFileReference; lastKnownFileType = image.png; path = title.png; sourceTree = "<group>"; };
		1FC2D02D121A2015008A4DCA /* 01.mp4 */ = {isa = PBXFileReference; lastKnownFileType = file; path = 01.mp4; sourceTree = "<group>"; };
		1FC2D02E121A2015008A4DCA /* 01st.mp4 */ = {isa = PBXFileReference; lastKnownFileType = file; path = 01st.mp4; sourceTree = "<group>"; };
		1FC2D02F121A2015008A4DCA /* 02.mp4 */ = {isa = PBXFileReference; lastKnownFileType = file; path = 02.mp4; sourceTree = "<group>"; };
		1FC2D030121A2015008A4DCA /* 02st.mp4 */ = {isa = PBXFileReference; lastKnownFileType = file; path = 02st.mp4; sourceTree = "<group>"; };
		1FC2D031121A2015008A4DCA /* 03.mp4 */ = {isa = PBXFileReference; lastKnownFileType = file; path = 03.mp4; sourceTree = "<group>"; };
		1FC2D032121A2015008A4DCA /* 03st.mp4 */ = {isa = PBXFileReference; lastKnownFileType = file; path = 03st.mp4; sourceTree = "<group>"; };
		1FC2D033121A2015008A4DCA /* 04.mp4 */ = {isa = PBXFileReference; lastKnownFileType = file; path = 04.mp4; sourceTree = "<group>"; };
		1FC2D034121A2015008A4DCA /* 04st.mp4 */ = {isa = PBXFileReference; lastKnownFileType = file; path = 04st.mp4; sourceTree = "<group>"; };
		1FC2D035121A2015008A4DCA /* 05.mp4 */ = {isa = PBXFileReference; lastKnownFileType = file; path = 05.mp4; sourceTree = "<group>"; };
		1FC2D036121A2015008A4DCA /* 05st.mp4 */ = {isa = PBXFileReference; lastKnownFileType = file; path = 05st.mp4; sourceTree = "<group>"; };
		1FC2D037121A2015008A4DCA /* 06.mp4 */ = {isa = PBXFileReference; lastKnownFileType = file; path = 06.mp4; sourceTree = "<group>"; };
		1FC2D038121A2015008A4DCA /* 06st.mp4 */ = {isa = PBXFileReference; lastKnownFileType = file; path = 06st.mp4; sourceTree = "<group>"; };
		1FC2D039121A2015008A4DCA /* 07.mp4 */ = {isa = PBXFileReference; lastKnownFileType = file; path = 07.mp4; sourceTree = "<group>"; };
		1FC2D03A121A2015008A4DCA /* 07st.mp4 */ = {isa = PBXFileReference; lastKnownFileType = file; path = 07st.mp4; sourceTree = "<group>"; };
		1FC2D03B121A2015008A4DCA /* 08.mp4 */ = {isa = PBXFileReference; lastKnownFileType = file; path = 08.mp4; sourceTree = "<group>"; };
		1FC2D03C121A2015008A4DCA /* 08st.mp4 */ = {isa = PBXFileReference; lastKnownFileType = file; path = 08st.mp4; sourceTree = "<group>"; };
		1FC2D03D121A2015008A4DCA /* 09.mp4 */ = {isa = PBXFileReference; lastKnownFileType = file; path = 09.mp4; sourceTree = "<group>"; };
		1FC2D03E121A2015008A4DCA /* 09st.mp4 */ = {isa = PBXFileReference; lastKnownFileType = file; path = 09st.mp4; sourceTree = "<group>"; };
		1FC2D03F121A2015008A4DCA /* 10.mp4 */ = {isa = PBXFileReference; lastKnownFileType = file; path = 10.mp4; sourceTree = "<group>"; };
		1FC2D040121A2015008A4DCA /* 10st.mp4 */ = {isa = PBXFileReference; lastKnownFileType = file; path = 10st.mp4; sourceTree = "<group>"; };
		1FC2D041121A2015008A4DCA /* 11.mp4 */ = {isa = PBXFileReference; lastKnownFileType = file; path = 11.mp4; sourceTree = "<group>"; };
		1FC2D042121A2015008A4DCA /* 11st.mp4 */ = {isa = PBXFileReference; lastKnownFileType = file; path = 11st.mp4; sourceTree = "<group>"; };
		1FC2D043121A2015008A4DCA /* 12.mp4 */ = {isa = PBXFileReference; lastKnownFileType = file; path = 12.mp4; sourceTree = "<group>"; };
		1FC2D044121A2015008A4DCA /* 12st.mp4 */ = {isa = PBXFileReference; lastKnownFileType = file; path = 12st.mp4; sourceTree = "<group>"; };
		1FC2D046121A2015008A4DCA /* 01.png */ = {isa = PBXFileReference; lastKnownFileType = image.png; path = 01.png; sourceTree = "<group>"; };
		1FC2D047121A2015008A4DCA /* 02.png */ = {isa = PBXFileReference; lastKnownFileType = image.png; path = 02.png; sourceTree = "<group>"; };
		1FC2D048121A2015008A4DCA /* 03.png */ = {isa = PBXFileReference; lastKnownFileType = image.png; path = 03.png; sourceTree = "<group>"; };
		1FC2D049121A2015008A4DCA /* 04.png */ = {isa = PBXFileReference; lastKnownFileType = image.png; path = 04.png; sourceTree = "<group>"; };
		1FC2D04A121A2015008A4DCA /* 05.png */ = {isa = PBXFileReference; lastKnownFileType = image.png; path = 05.png; sourceTree = "<group>"; };
		1FC2D04B121A2015008A4DCA /* 06.png */ = {isa = PBXFileReference; lastKnownFileType = image.png; path = 06.png; sourceTree = "<group>"; };
		1FC2D04C121A2015008A4DCA /* 07.png */ = {isa = PBXFileReference; lastKnownFileType = image.png; path = 07.png; sourceTree = "<group>"; };
		1FC2D04D121A2015008A4DCA /* 08.png */ = {isa = PBXFileReference; lastKnownFileType = image.png; path = 08.png; sourceTree = "<group>"; };
		1FC2D04E121A2015008A4DCA /* 09.png */ = {isa = PBXFileReference; lastKnownFileType = image.png; path = 09.png; sourceTree = "<group>"; };
		1FC2D04F121A2015008A4DCA /* 10.png */ = {isa = PBXFileReference; lastKnownFileType = image.png; path = 10.png; sourceTree = "<group>"; };
		1FC2D050121A2015008A4DCA /* 11.png */ = {isa = PBXFileReference; lastKnownFileType = image.png; path = 11.png; sourceTree = "<group>"; };
		1FC2D051121A2015008A4DCA /* 12.png */ = {isa = PBXFileReference; lastKnownFileType = image.png; path = 12.png; sourceTree = "<group>"; };
		1FC2D052121A2015008A4DCA /* logo.mp4 */ = {isa = PBXFileReference; lastKnownFileType = file; path = logo.mp4; sourceTree = "<group>"; };
		1FC2D087121A2053008A4DCA /* AVFoundation.framework */ = {isa = PBXFileReference; lastKnownFileType = wrapper.framework; name = AVFoundation.framework; path = System/Library/Frameworks/AVFoundation.framework; sourceTree = SDKROOT; };
		1FC2D089121A2053008A4DCA /* MediaPlayer.framework */ = {isa = PBXFileReference; lastKnownFileType = wrapper.framework; name = MediaPlayer.framework; path = System/Library/Frameworks/MediaPlayer.framework; sourceTree = SDKROOT; };
		1FC2D08B121A2053008A4DCA /* MessageUI.framework */ = {isa = PBXFileReference; lastKnownFileType = wrapper.framework; name = MessageUI.framework; path = System/Library/Frameworks/MessageUI.framework; sourceTree = SDKROOT; };
		1FC2D0D3121A23F8008A4DCA /* icon.png */ = {isa = PBXFileReference; lastKnownFileType = image.png; path = icon.png; sourceTree = SOURCE_ROOT; };
		288765FC0DF74451002DB57D /* CoreGraphics.framework */ = {isa = PBXFileReference; lastKnownFileType = wrapper.framework; name = CoreGraphics.framework; path = System/Library/Frameworks/CoreGraphics.framework; sourceTree = SDKROOT; };
		28AD733E0D9D9553002E5188 /* MainWindow.xib */ = {isa = PBXFileReference; lastKnownFileType = file.xib; path = MainWindow.xib; sourceTree = "<group>"; };
		29B97316FDCFA39411CA2CEA /* main.m */ = {isa = PBXFileReference; fileEncoding = 4; lastKnownFileType = sourcecode.c.objc; path = main.m; sourceTree = "<group>"; };
		32CA4F630368D1EE00C91783 /* TimidTiger_Prefix.pch */ = {isa = PBXFileReference; fileEncoding = 4; lastKnownFileType = sourcecode.c.h; path = TimidTiger_Prefix.pch; sourceTree = "<group>"; };
		4C43FAB51793A263008D106F /* menu_bar.png */ = {isa = PBXFileReference; lastKnownFileType = image.png; name = menu_bar.png; path = "../../../호랑이와곶감/커팅이미지/menu_bar.png"; sourceTree = "<group>"; };
		4C43FAB71793A3EB008D106F /* icon_m_home.png */ = {isa = PBXFileReference; lastKnownFileType = image.png; name = icon_m_home.png; path = "../../../호랑이와곶감/커팅이미지/icon_m_home.png"; sourceTree = "<group>"; };
		4C43FAB91793A412008D106F /* icon_m_info.png */ = {isa = PBXFileReference; lastKnownFileType = image.png; name = icon_m_info.png; path = "../../../호랑이와곶감/커팅이미지/icon_m_info.png"; sourceTree = "<group>"; };
		4C43FABB1793A41A008D106F /* icon_m_mosaic.png */ = {isa = PBXFileReference; lastKnownFileType = image.png; name = icon_m_mosaic.png; path = "../../../호랑이와곶감/커팅이미지/icon_m_mosaic.png"; sourceTree = "<group>"; };
		4C43FABE1793AF51008D106F /* icon_next.png */ = {isa = PBXFileReference; lastKnownFileType = image.png; name = icon_next.png; path = "../../호랑이와곶감/커팅이미지/icon_next.png"; sourceTree = "<group>"; };
		4C43FABF1793AF51008D106F /* icon_prev.png */ = {isa = PBXFileReference; lastKnownFileType = image.png; name = icon_prev.png; path = "../../호랑이와곶감/커팅이미지/icon_prev.png"; sourceTree = "<group>"; };
		8D1107310486CEB800E47090 /* TimidTiger-Info.plist */ = {isa = PBXFileReference; fileEncoding = 4; lastKnownFileType = text.plist.xml; path = "TimidTiger-Info.plist"; plistStructureDefinitionIdentifier = "com.apple.xcode.plist.structure-definition.iphone.info-plist"; sourceTree = "<group>"; };
		EA5548EE1785499F0084F546 /* OpenGLES.framework */ = {isa = PBXFileReference; lastKnownFileType = wrapper.framework; name = OpenGLES.framework; path = System/Library/Frameworks/OpenGLES.framework; sourceTree = SDKROOT; };
		EA5548F117854CC30084F546 /* ColorPickerView.h */ = {isa = PBXFileReference; fileEncoding = 4; lastKnownFileType = sourcecode.c.h; path = ColorPickerView.h; sourceTree = "<group>"; };
		EA5548F217854CC30084F546 /* ColorPickerView.m */ = {isa = PBXFileReference; fileEncoding = 4; lastKnownFileType = sourcecode.c.objc; path = ColorPickerView.m; sourceTree = "<group>"; };
		EA5548F417854CC30084F546 /* ActiveXDialog.cpp */ = {isa = PBXFileReference; fileEncoding = 4; lastKnownFileType = sourcecode.cpp.cpp; path = ActiveXDialog.cpp; sourceTree = "<group>"; };
		EA5548F517854CC30084F546 /* ActiveXDialog.h */ = {isa = PBXFileReference; fileEncoding = 4; lastKnownFileType = sourcecode.c.h; path = ActiveXDialog.h; sourceTree = "<group>"; };
		EA5548F617854CC30084F546 /* ColoredPaper.cpp */ = {isa = PBXFileReference; fileEncoding = 4; lastKnownFileType = sourcecode.cpp.cpp; path = ColoredPaper.cpp; sourceTree = "<group>"; };
		EA5548F717854CC30084F546 /* ColoredPaper.h */ = {isa = PBXFileReference; fileEncoding = 4; lastKnownFileType = sourcecode.c.h; path = ColoredPaper.h; sourceTree = "<group>"; };
		EA5548F817854CC30084F546 /* ColoredPaperMosaic.cpp */ = {isa = PBXFileReference; fileEncoding = 4; lastKnownFileType = sourcecode.cpp.cpp; path = ColoredPaperMosaic.cpp; sourceTree = "<group>"; };
		EA5548F917854CC30084F546 /* ColoredPaperMosaic.h */ = {isa = PBXFileReference; fileEncoding = 4; lastKnownFileType = sourcecode.c.h; path = ColoredPaperMosaic.h; sourceTree = "<group>"; };
		EA5548FA17854CC30084F546 /* ColoredPapperTile.cpp */ = {isa = PBXFileReference; fileEncoding = 4; lastKnownFileType = sourcecode.cpp.cpp; path = ColoredPapperTile.cpp; sourceTree = "<group>"; };
		EA5548FB17854CC30084F546 /* ColoredPapperTile.h */ = {isa = PBXFileReference; fileEncoding = 4; lastKnownFileType = sourcecode.c.h; path = ColoredPapperTile.h; sourceTree = "<group>"; };
		EA5548FD17854CC30084F546 /* dwLIC.cpp */ = {isa = PBXFileReference; fileEncoding = 4; lastKnownFileType = sourcecode.cpp.cpp; path = dwLIC.cpp; sourceTree = "<group>"; };
		EA5548FE17854CC30084F546 /* dwLIC.h */ = {isa = PBXFileReference; fileEncoding = 4; lastKnownFileType = sourcecode.c.h; path = dwLIC.h; sourceTree = "<group>"; };
		EA5548FF17854CC30084F546 /* ETF.cpp */ = {isa = PBXFileReference; fileEncoding = 4; lastKnownFileType = sourcecode.cpp.cpp; path = ETF.cpp; sourceTree = "<group>"; };
		EA55490017854CC30084F546 /* ETF.h */ = {isa = PBXFileReference; fileEncoding = 4; lastKnownFileType = sourcecode.c.h; path = ETF.h; sourceTree = "<group>"; };
		EA55490117854CC30084F546 /* fdog.cpp */ = {isa = PBXFileReference; fileEncoding = 4; lastKnownFileType = sourcecode.cpp.cpp; path = fdog.cpp; sourceTree = "<group>"; };
		EA55490217854CC30084F546 /* fdog.h */ = {isa = PBXFileReference; fileEncoding = 4; lastKnownFileType = sourcecode.c.h; path = fdog.h; sourceTree = "<group>"; };
		EA55490317854CC30084F546 /* imatrix.h */ = {isa = PBXFileReference; fileEncoding = 4; lastKnownFileType = sourcecode.c.h; path = imatrix.h; sourceTree = "<group>"; };
		EA55490417854CC30084F546 /* myvec.h */ = {isa = PBXFileReference; fileEncoding = 4; lastKnownFileType = sourcecode.c.h; path = myvec.h; sourceTree = "<group>"; };
		EA55490517854CC30084F546 /* InteractiveColoredPaperMosaic.cpp */ = {isa = PBXFileReference; fileEncoding = 4; lastKnownFileType = sourcecode.cpp.cpp; path = InteractiveColoredPaperMosaic.cpp; sourceTree = "<group>"; };
		EA55490617854CC30084F546 /* InteractiveColoredPaperMosaic.h */ = {isa = PBXFileReference; fileEncoding = 4; lastKnownFileType = sourcecode.c.h; path = InteractiveColoredPaperMosaic.h; sourceTree = "<group>"; };
		EA55490717854CC30084F546 /* MNode.cpp */ = {isa = PBXFileReference; fileEncoding = 4; lastKnownFileType = sourcecode.cpp.cpp; path = MNode.cpp; sourceTree = "<group>"; };
		EA55490817854CC30084F546 /* MNode.h */ = {isa = PBXFileReference; fileEncoding = 4; lastKnownFileType = sourcecode.c.h; path = MNode.h; sourceTree = "<group>"; };
		EA55490917854CC30084F546 /* MPoint.cpp */ = {isa = PBXFileReference; fileEncoding = 4; lastKnownFileType = sourcecode.cpp.cpp; path = MPoint.cpp; sourceTree = "<group>"; };
		EA55490A17854CC30084F546 /* MPoint.h */ = {isa = PBXFileReference; fileEncoding = 4; lastKnownFileType = sourcecode.c.h; path = MPoint.h; sourceTree = "<group>"; };
		EA55490B17854CC30084F546 /* mSemaphore.cpp */ = {isa = PBXFileReference; fileEncoding = 4; lastKnownFileType = sourcecode.cpp.cpp; path = mSemaphore.cpp; sourceTree = "<group>"; };
		EA55490C17854CC30084F546 /* mSemaphore.h */ = {isa = PBXFileReference; fileEncoding = 4; lastKnownFileType = sourcecode.c.h; path = mSemaphore.h; sourceTree = "<group>"; };
		EA55490D17854CC30084F546 /* TornEffect.cpp */ = {isa = PBXFileReference; fileEncoding = 4; lastKnownFileType = sourcecode.cpp.cpp; path = TornEffect.cpp; sourceTree = "<group>"; };
		EA55490E17854CC30084F546 /* TornEffect.h */ = {isa = PBXFileReference; fileEncoding = 4; lastKnownFileType = sourcecode.c.h; path = TornEffect.h; sourceTree = "<group>"; };
		EA55490F17854CC30084F546 /* xDistanceTransform.cpp */ = {isa = PBXFileReference; fileEncoding = 4; lastKnownFileType = sourcecode.cpp.cpp; path = xDistanceTransform.cpp; sourceTree = "<group>"; };
		EA55491017854CC30084F546 /* xDistanceTransform.h */ = {isa = PBXFileReference; fileEncoding = 4; lastKnownFileType = sourcecode.c.h; path = xDistanceTransform.h; sourceTree = "<group>"; };
		EA55491117854CC30084F546 /* ObjectiveC.h */ = {isa = PBXFileReference; fileEncoding = 4; lastKnownFileType = sourcecode.c.h; path = ObjectiveC.h; sourceTree = "<group>"; };
		EA55491217854CC30084F546 /* ObjectiveC.mm */ = {isa = PBXFileReference; fileEncoding = 4; lastKnownFileType = sourcecode.cpp.objcpp; path = ObjectiveC.mm; sourceTree = "<group>"; };
		EA55491417854CC30084F546 /* GLView.h */ = {isa = PBXFileReference; fileEncoding = 4; lastKnownFileType = sourcecode.c.h; path = GLView.h; sourceTree = "<group>"; };
		EA55491517854CC30084F546 /* GLView.mm */ = {isa = PBXFileReference; fileEncoding = 4; lastKnownFileType = sourcecode.cpp.objcpp; path = GLView.mm; sourceTree = "<group>"; };
		EA55491617854CC30084F546 /* IRenderingEngine.hpp */ = {isa = PBXFileReference; fileEncoding = 4; lastKnownFileType = sourcecode.cpp.h; path = IRenderingEngine.hpp; sourceTree = "<group>"; };
		EA55491717854CC30084F546 /* Matrix.hpp */ = {isa = PBXFileReference; fileEncoding = 4; lastKnownFileType = sourcecode.cpp.h; path = Matrix.hpp; sourceTree = "<group>"; };
		EA55491817854CC30084F546 /* Quaternion.hpp */ = {isa = PBXFileReference; fileEncoding = 4; lastKnownFileType = sourcecode.cpp.h; path = Quaternion.hpp; sourceTree = "<group>"; };
		EA55491917854CC30084F546 /* RenderingEngine1.cpp */ = {isa = PBXFileReference; fileEncoding = 4; lastKnownFileType = sourcecode.cpp.cpp; path = RenderingEngine1.cpp; sourceTree = "<group>"; };
		EA55491A17854CC30084F546 /* Vector.hpp */ = {isa = PBXFileReference; fileEncoding = 4; lastKnownFileType = sourcecode.cpp.h; path = Vector.hpp; sourceTree = "<group>"; };
		EA55491B17854CC30084F546 /* PaperMosaicCanvas.h */ = {isa = PBXFileReference; fileEncoding = 4; lastKnownFileType = sourcecode.c.h; path = PaperMosaicCanvas.h; sourceTree = "<group>"; };
		EA55491C17854CC30084F546 /* PaperMosaicCanvas.mm */ = {isa = PBXFileReference; fileEncoding = 4; lastKnownFileType = sourcecode.cpp.objcpp; path = PaperMosaicCanvas.mm; sourceTree = "<group>"; };
		EA55491D17854CC30084F546 /* PaperMosaicViewController.h */ = {isa = PBXFileReference; fileEncoding = 4; lastKnownFileType = sourcecode.c.h; path = PaperMosaicViewController.h; sourceTree = "<group>"; };
		EA55491E17854CC30084F546 /* PaperMosaicViewController.mm */ = {isa = PBXFileReference; fileEncoding = 4; lastKnownFileType = sourcecode.cpp.objcpp; path = PaperMosaicViewController.mm; sourceTree = "<group>"; };
		EA55491F17854CC30084F546 /* UIImageCVArrConverter.h */ = {isa = PBXFileReference; fileEncoding = 4; lastKnownFileType = sourcecode.c.h; path = UIImageCVArrConverter.h; sourceTree = "<group>"; };
		EA55492017854CC30084F546 /* UIImageCVArrConverter.mm */ = {isa = PBXFileReference; fileEncoding = 4; lastKnownFileType = sourcecode.cpp.objcpp; path = UIImageCVArrConverter.mm; sourceTree = "<group>"; };
		EA5549351785502E0084F546 /* QuartzCore.framework */ = {isa = PBXFileReference; lastKnownFileType = wrapper.framework; name = QuartzCore.framework; path = System/Library/Frameworks/QuartzCore.framework; sourceTree = SDKROOT; };
		EA554937178551140084F546 /* image_resource */ = {isa = PBXFileReference; lastKnownFileType = folder; name = image_resource; path = ../PaperMosaic/image_resource; sourceTree = "<group>"; };
		EA5B6B68178546A900D17268 /* opencv2.framework */ = {isa = PBXFileReference; lastKnownFileType = wrapper.framework; name = opencv2.framework; path = ../opencv2.framework; sourceTree = "<group>"; };
		EAEB2FAB1782FA12002D6520 /* Default-568h@2x.png */ = {isa = PBXFileReference; lastKnownFileType = image.png; path = "Default-568h@2x.png"; sourceTree = "<group>"; };
		EAEB2FBC17830012002D6520 /* ContentsView.h */ = {isa = PBXFileReference; fileEncoding = 4; lastKnownFileType = sourcecode.c.h; path = ContentsView.h; sourceTree = "<group>"; };
		EAEB2FBD17830012002D6520 /* ContentsView.m */ = {isa = PBXFileReference; fileEncoding = 4; lastKnownFileType = sourcecode.c.objc; path = ContentsView.m; sourceTree = "<group>"; };
		EAEB2FBE17830012002D6520 /* MainViewController.h */ = {isa = PBXFileReference; fileEncoding = 4; lastKnownFileType = sourcecode.c.h; path = MainViewController.h; sourceTree = "<group>"; };
		EAEB2FBF17830012002D6520 /* MainViewController.m */ = {isa = PBXFileReference; fileEncoding = 4; lastKnownFileType = sourcecode.c.objc; path = MainViewController.m; sourceTree = "<group>"; };
		EAEB2FC017830012002D6520 /* MenuView.h */ = {isa = PBXFileReference; fileEncoding = 4; lastKnownFileType = sourcecode.c.h; path = MenuView.h; sourceTree = "<group>"; };
		EAEB2FC117830012002D6520 /* MenuView.m */ = {isa = PBXFileReference; fileEncoding = 4; lastKnownFileType = sourcecode.c.objc; path = MenuView.m; sourceTree = "<group>"; };
		EAEB2FC6178300A9002D6520 /* bg.png */ = {isa = PBXFileReference; lastKnownFileType = image.png; path = bg.png; sourceTree = "<group>"; };
		EAEB2FC8178300A9002D6520 /* btn_again.png */ = {isa = PBXFileReference; lastKnownFileType = image.png; path = btn_again.png; sourceTree = "<group>"; };
		EAEB2FC9178300A9002D6520 /* btn_mail.png */ = {isa = PBXFileReference; lastKnownFileType = image.png; path = btn_mail.png; sourceTree = "<group>"; };
		EAEB2FCA178300A9002D6520 /* btn_twitter.png */ = {isa = PBXFileReference; lastKnownFileType = image.png; path = btn_twitter.png; sourceTree = "<group>"; };
		EAEB2FCB178300A9002D6520 /* end_bottom_bg.png */ = {isa = PBXFileReference; lastKnownFileType = image.png; path = end_bottom_bg.png; sourceTree = "<group>"; };
		EAEB2FCC178300A9002D6520 /* giantbigpot.png */ = {isa = PBXFileReference; lastKnownFileType = image.png; path = giantbigpot.png; sourceTree = "<group>"; };
		EAEB2FCD178300A9002D6520 /* img_comingsoon.png */ = {isa = PBXFileReference; lastKnownFileType = image.png; path = img_comingsoon.png; sourceTree = "<group>"; };
		EAEB2FCE178300A9002D6520 /* img_comingsoon2.png */ = {isa = PBXFileReference; lastKnownFileType = image.png; path = img_comingsoon2.png; sourceTree = "<group>"; };
		EAEB2FCF178300A9002D6520 /* img_end.png */ = {isa = PBXFileReference; lastKnownFileType = image.png; path = img_end.png; sourceTree = "<group>"; };
		EAEB2FD0178300A9002D6520 /* kinganchovy.png */ = {isa = PBXFileReference; lastKnownFileType = image.png; path = kinganchovy.png; sourceTree = "<group>"; };
		EAEB2FD1178300A9002D6520 /* timidtiger.png */ = {isa = PBXFileReference; lastKnownFileType = image.png; path = timidtiger.png; sourceTree = "<group>"; };
		EAEB2FD3178300A9002D6520 /* btn_beforeread.png */ = {isa = PBXFileReference; lastKnownFileType = image.png; path = btn_beforeread.png; sourceTree = "<group>"; };
		EAEB2FD4178300A9002D6520 /* btn_read.png */ = {isa = PBXFileReference; lastKnownFileType = image.png; path = btn_read.png; sourceTree = "<group>"; };
		EAEB2FD5178300A9002D6520 /* btn_setup.png */ = {isa = PBXFileReference; lastKnownFileType = image.png; path = btn_setup.png; sourceTree = "<group>"; };
		EAEB2FD6178300A9002D6520 /* copyright.png */ = {isa = PBXFileReference; lastKnownFileType = image.png; path = copyright.png; sourceTree = "<group>"; };
		EAEB2FD7178300A9002D6520 /* logo.png */ = {isa = PBXFileReference; lastKnownFileType = image.png; path = logo.png; sourceTree = "<group>"; };
		EAEB2FD8178300A9002D6520 /* main_btn_more.png */ = {isa = PBXFileReference; lastKnownFileType = image.png; path = main_btn_more.png; sourceTree = "<group>"; };
		EAEB2FD9178300A9002D6520 /* title_morebooks.png */ = {isa = PBXFileReference; lastKnownFileType = image.png; path = title_morebooks.png; sourceTree = "<group>"; };
		EAEB2FDB178300A9002D6520 /* btn_back.png */ = {isa = PBXFileReference; lastKnownFileType = image.png; path = btn_back.png; sourceTree = "<group>"; };
		EAEB2FDC178300A9002D6520 /* btn_home.png */ = {isa = PBXFileReference; lastKnownFileType = image.png; path = btn_home.png; sourceTree = "<group>"; };
		EAEB2FDD178300A9002D6520 /* btn_next.png */ = {isa = PBXFileReference; lastKnownFileType = image.png; path = btn_next.png; sourceTree = "<group>"; };
		EAEB2FDE178300A9002D6520 /* btn_page.png */ = {isa = PBXFileReference; lastKnownFileType = image.png; path = btn_page.png; sourceTree = "<group>"; };
		EAEB2FDF178300A9002D6520 /* btn_pause.png */ = {isa = PBXFileReference; lastKnownFileType = image.png; path = btn_pause.png; sourceTree = "<group>"; };
		EAEB2FE0178300A9002D6520 /* btn_play.png */ = {isa = PBXFileReference; lastKnownFileType = image.png; path = btn_play.png; sourceTree = "<group>"; };
		EAEB2FE1178300A9002D6520 /* btn_prev.png */ = {isa = PBXFileReference; lastKnownFileType = image.png; path = btn_prev.png; sourceTree = "<group>"; };
		EAEB2FE2178300A9002D6520 /* btn_subtitle_off.png */ = {isa = PBXFileReference; lastKnownFileType = image.png; path = btn_subtitle_off.png; sourceTree = "<group>"; };
		EAEB2FE3178300A9002D6520 /* btn_subtitle_on.png */ = {isa = PBXFileReference; lastKnownFileType = image.png; path = btn_subtitle_on.png; sourceTree = "<group>"; };
		EAEB2FE4178300A9002D6520 /* menu_bg.png */ = {isa = PBXFileReference; lastKnownFileType = image.png; path = menu_bg.png; sourceTree = "<group>"; };
		EAEB2FE5178300A9002D6520 /* menu_bg_r.png */ = {isa = PBXFileReference; lastKnownFileType = image.png; path = menu_bg_r.png; sourceTree = "<group>"; };
		EAEB2FE6178300A9002D6520 /* morebooktext.png */ = {isa = PBXFileReference; lastKnownFileType = image.png; path = morebooktext.png; sourceTree = "<group>"; };
		EAEB2FE7178300A9002D6520 /* pageEffect.mp3 */ = {isa = PBXFileReference; lastKnownFileType = audio.mp3; path = pageEffect.mp3; sourceTree = "<group>"; };
		EAEB2FE9178300A9002D6520 /* btn_auto_off.png */ = {isa = PBXFileReference; lastKnownFileType = image.png; path = btn_auto_off.png; sourceTree = "<group>"; };
		EAEB2FEA178300A9002D6520 /* btn_hide_off.png */ = {isa = PBXFileReference; lastKnownFileType = image.png; path = btn_hide_off.png; sourceTree = "<group>"; };
		EAEB2FEB178300A9002D6520 /* btn_manual_off.png */ = {isa = PBXFileReference; lastKnownFileType = image.png; path = btn_manual_off.png; sourceTree = "<group>"; };
		EAEB2FEC178300A9002D6520 /* btn_view_off.png */ = {isa = PBXFileReference; lastKnownFileType = image.png; path = btn_view_off.png; sourceTree = "<group>"; };
		EAEB2FED178300A9002D6520 /* mark_check.png */ = {isa = PBXFileReference; lastKnownFileType = image.png; path = mark_check.png; sourceTree = "<group>"; };
		EAEB2FEE178300A9002D6520 /* set_bg.png */ = {isa = PBXFileReference; lastKnownFileType = image.png; path = set_bg.png; sourceTree = "<group>"; };
/* End PBXFileReference section */

/* Begin PBXFrameworksBuildPhase section */
		1D60588F0D05DD3D006BFB54 /* Frameworks */ = {
			isa = PBXFrameworksBuildPhase;
			buildActionMask = 2147483647;
			files = (
				EA5549361785502E0084F546 /* QuartzCore.framework in Frameworks */,
				EA5548EF1785499F0084F546 /* OpenGLES.framework in Frameworks */,
				1D60589F0D05DD5A006BFB54 /* Foundation.framework in Frameworks */,
				1DF5F4E00D08C38300B7A737 /* UIKit.framework in Frameworks */,
				288765FD0DF74451002DB57D /* CoreGraphics.framework in Frameworks */,
				1FC2D088121A2053008A4DCA /* AVFoundation.framework in Frameworks */,
				1FC2D08A121A2053008A4DCA /* MediaPlayer.framework in Frameworks */,
				1FC2D08C121A2053008A4DCA /* MessageUI.framework in Frameworks */,
				EA5B6B69178546A900D17268 /* opencv2.framework in Frameworks */,
			);
			runOnlyForDeploymentPostprocessing = 0;
		};
/* End PBXFrameworksBuildPhase section */

/* Begin PBXGroup section */
		080E96DDFE201D6D7F000001 /* Classes */ = {
			isa = PBXGroup;
			children = (
				EA5548F017854CC30084F546 /* PaperMosaic */,
				EAEB2FBB17830012002D6520 /* CommonClasses */,
				1D3623240D0F684500981E51 /* TimidTigerAppDelegate.h */,
				1D3623250D0F684500981E51 /* TimidTigerAppDelegate.m */,
			);
			path = Classes;
			sourceTree = "<group>";
		};
		19C28FACFE9D520D11CA2CBB /* Products */ = {
			isa = PBXGroup;
			children = (
				1D6058910D05DD3D006BFB54 /* TimidTiger.app */,
			);
			name = Products;
			sourceTree = "<group>";
		};
		1FC2D024121A2015008A4DCA /* Contents */ = {
			isa = PBXGroup;
			children = (
				1FC2D0D3121A23F8008A4DCA /* icon.png */,
				1FC2D025121A2015008A4DCA /* Before */,
				1FC2D028121A2015008A4DCA /* BGM */,
				1FC2D02A121A2015008A4DCA /* book.png */,
				1FC2D02B121A2015008A4DCA /* title.png */,
				1FC2D02C121A2015008A4DCA /* Videos */,
			);
			path = Contents;
			sourceTree = "<group>";
		};
		1FC2D025121A2015008A4DCA /* Before */ = {
			isa = PBXGroup;
			children = (
				1FC2D026121A2015008A4DCA /* before_reading.png */,
				1FC2D027121A2015008A4DCA /* title_before.png */,
			);
			path = Before;
			sourceTree = "<group>";
		};
		1FC2D028121A2015008A4DCA /* BGM */ = {
			isa = PBXGroup;
			children = (
				1FC2D029121A2015008A4DCA /* bgm.mp3 */,
			);
			path = BGM;
			sourceTree = "<group>";
		};
		1FC2D02C121A2015008A4DCA /* Videos */ = {
			isa = PBXGroup;
			children = (
				1FC2D02D121A2015008A4DCA /* 01.mp4 */,
				1FC2D02E121A2015008A4DCA /* 01st.mp4 */,
				1FC2D02F121A2015008A4DCA /* 02.mp4 */,
				1FC2D030121A2015008A4DCA /* 02st.mp4 */,
				1FC2D031121A2015008A4DCA /* 03.mp4 */,
				1FC2D032121A2015008A4DCA /* 03st.mp4 */,
				1FC2D033121A2015008A4DCA /* 04.mp4 */,
				1FC2D034121A2015008A4DCA /* 04st.mp4 */,
				1FC2D035121A2015008A4DCA /* 05.mp4 */,
				1FC2D036121A2015008A4DCA /* 05st.mp4 */,
				1FC2D037121A2015008A4DCA /* 06.mp4 */,
				1FC2D038121A2015008A4DCA /* 06st.mp4 */,
				1FC2D039121A2015008A4DCA /* 07.mp4 */,
				1FC2D03A121A2015008A4DCA /* 07st.mp4 */,
				1FC2D03B121A2015008A4DCA /* 08.mp4 */,
				1FC2D03C121A2015008A4DCA /* 08st.mp4 */,
				1FC2D03D121A2015008A4DCA /* 09.mp4 */,
				1FC2D03E121A2015008A4DCA /* 09st.mp4 */,
				1FC2D03F121A2015008A4DCA /* 10.mp4 */,
				1FC2D040121A2015008A4DCA /* 10st.mp4 */,
				1FC2D041121A2015008A4DCA /* 11.mp4 */,
				1FC2D042121A2015008A4DCA /* 11st.mp4 */,
				1FC2D043121A2015008A4DCA /* 12.mp4 */,
				1FC2D044121A2015008A4DCA /* 12st.mp4 */,
				1FC2D045121A2015008A4DCA /* Chapter */,
				1FC2D052121A2015008A4DCA /* logo.mp4 */,
			);
			path = Videos;
			sourceTree = "<group>";
		};
		1FC2D045121A2015008A4DCA /* Chapter */ = {
			isa = PBXGroup;
			children = (
				1FC2D046121A2015008A4DCA /* 01.png */,
				1FC2D047121A2015008A4DCA /* 02.png */,
				1FC2D048121A2015008A4DCA /* 03.png */,
				1FC2D049121A2015008A4DCA /* 04.png */,
				1FC2D04A121A2015008A4DCA /* 05.png */,
				1FC2D04B121A2015008A4DCA /* 06.png */,
				1FC2D04C121A2015008A4DCA /* 07.png */,
				1FC2D04D121A2015008A4DCA /* 08.png */,
				1FC2D04E121A2015008A4DCA /* 09.png */,
				1FC2D04F121A2015008A4DCA /* 10.png */,
				1FC2D050121A2015008A4DCA /* 11.png */,
				1FC2D051121A2015008A4DCA /* 12.png */,
			);
			path = Chapter;
			sourceTree = "<group>";
		};
		29B97314FDCFA39411CA2CEA /* CustomTemplate */ = {
			isa = PBXGroup;
			children = (
				EAEB2FAB1782FA12002D6520 /* Default-568h@2x.png */,
				080E96DDFE201D6D7F000001 /* Classes */,
				29B97315FDCFA39411CA2CEA /* Other Sources */,
				29B97317FDCFA39411CA2CEA /* Resources */,
				29B97323FDCFA39411CA2CEA /* Frameworks */,
				19C28FACFE9D520D11CA2CBB /* Products */,
			);
			name = CustomTemplate;
			sourceTree = "<group>";
		};
		29B97315FDCFA39411CA2CEA /* Other Sources */ = {
			isa = PBXGroup;
			children = (
				32CA4F630368D1EE00C91783 /* TimidTiger_Prefix.pch */,
				29B97316FDCFA39411CA2CEA /* main.m */,
			);
			name = "Other Sources";
			sourceTree = "<group>";
		};
		29B97317FDCFA39411CA2CEA /* Resources */ = {
			isa = PBXGroup;
			children = (
				EA554937178551140084F546 /* image_resource */,
				EAEB2FC5178300A9002D6520 /* CommonImages */,
				1FC2D024121A2015008A4DCA /* Contents */,
				1FC2CFC0121A1E81008A4DCA /* settings.plist */,
				28AD733E0D9D9553002E5188 /* MainWindow.xib */,
				8D1107310486CEB800E47090 /* TimidTiger-Info.plist */,
			);
			name = Resources;
			sourceTree = "<group>";
		};
		29B97323FDCFA39411CA2CEA /* Frameworks */ = {
			isa = PBXGroup;
			children = (
				EA5549351785502E0084F546 /* QuartzCore.framework */,
				EA5548EE1785499F0084F546 /* OpenGLES.framework */,
				EA5B6B68178546A900D17268 /* opencv2.framework */,
				1DF5F4DF0D08C38300B7A737 /* UIKit.framework */,
				1D30AB110D05D00D00671497 /* Foundation.framework */,
				288765FC0DF74451002DB57D /* CoreGraphics.framework */,
				1FC2D087121A2053008A4DCA /* AVFoundation.framework */,
				1FC2D089121A2053008A4DCA /* MediaPlayer.framework */,
				1FC2D08B121A2053008A4DCA /* MessageUI.framework */,
			);
			name = Frameworks;
			sourceTree = "<group>";
		};
		4C43FABD1793AF34008D106F /* Contents */ = {
			isa = PBXGroup;
			children = (
				4C43FABE1793AF51008D106F /* icon_next.png */,
				4C43FABF1793AF51008D106F /* icon_prev.png */,
			);
			name = Contents;
			sourceTree = "<group>";
		};
		EA5548F017854CC30084F546 /* PaperMosaic */ = {
			isa = PBXGroup;
			children = (
				EA5548F117854CC30084F546 /* ColorPickerView.h */,
				EA5548F217854CC30084F546 /* ColorPickerView.m */,
				EA5548F317854CC30084F546 /* cpp */,
				EA55491117854CC30084F546 /* ObjectiveC.h */,
				EA55491217854CC30084F546 /* ObjectiveC.mm */,
				EA55491317854CC30084F546 /* opengles */,
				EA55491B17854CC30084F546 /* PaperMosaicCanvas.h */,
				EA55491C17854CC30084F546 /* PaperMosaicCanvas.mm */,
				EA55491D17854CC30084F546 /* PaperMosaicViewController.h */,
				EA55491E17854CC30084F546 /* PaperMosaicViewController.mm */,
				EA55491F17854CC30084F546 /* UIImageCVArrConverter.h */,
				EA55492017854CC30084F546 /* UIImageCVArrConverter.mm */,
			);
			name = PaperMosaic;
			path = ../../PaperMosaic;
			sourceTree = "<group>";
		};
		EA5548F317854CC30084F546 /* cpp */ = {
			isa = PBXGroup;
			children = (
				EA5548F417854CC30084F546 /* ActiveXDialog.cpp */,
				EA5548F517854CC30084F546 /* ActiveXDialog.h */,
				EA5548F617854CC30084F546 /* ColoredPaper.cpp */,
				EA5548F717854CC30084F546 /* ColoredPaper.h */,
				EA5548F817854CC30084F546 /* ColoredPaperMosaic.cpp */,
				EA5548F917854CC30084F546 /* ColoredPaperMosaic.h */,
				EA5548FA17854CC30084F546 /* ColoredPapperTile.cpp */,
				EA5548FB17854CC30084F546 /* ColoredPapperTile.h */,
				EA5548FC17854CC30084F546 /* ETF */,
				EA55490517854CC30084F546 /* InteractiveColoredPaperMosaic.cpp */,
				EA55490617854CC30084F546 /* InteractiveColoredPaperMosaic.h */,
				EA55490717854CC30084F546 /* MNode.cpp */,
				EA55490817854CC30084F546 /* MNode.h */,
				EA55490917854CC30084F546 /* MPoint.cpp */,
				EA55490A17854CC30084F546 /* MPoint.h */,
				EA55490B17854CC30084F546 /* mSemaphore.cpp */,
				EA55490C17854CC30084F546 /* mSemaphore.h */,
				EA55490D17854CC30084F546 /* TornEffect.cpp */,
				EA55490E17854CC30084F546 /* TornEffect.h */,
				EA55490F17854CC30084F546 /* xDistanceTransform.cpp */,
				EA55491017854CC30084F546 /* xDistanceTransform.h */,
			);
			path = cpp;
			sourceTree = "<group>";
		};
		EA5548FC17854CC30084F546 /* ETF */ = {
			isa = PBXGroup;
			children = (
				EA5548FD17854CC30084F546 /* dwLIC.cpp */,
				EA5548FE17854CC30084F546 /* dwLIC.h */,
				EA5548FF17854CC30084F546 /* ETF.cpp */,
				EA55490017854CC30084F546 /* ETF.h */,
				EA55490117854CC30084F546 /* fdog.cpp */,
				EA55490217854CC30084F546 /* fdog.h */,
				EA55490317854CC30084F546 /* imatrix.h */,
				EA55490417854CC30084F546 /* myvec.h */,
			);
			path = ETF;
			sourceTree = "<group>";
		};
		EA55491317854CC30084F546 /* opengles */ = {
			isa = PBXGroup;
			children = (
				EA55491417854CC30084F546 /* GLView.h */,
				EA55491517854CC30084F546 /* GLView.mm */,
				EA55491617854CC30084F546 /* IRenderingEngine.hpp */,
				EA55491717854CC30084F546 /* Matrix.hpp */,
				EA55491817854CC30084F546 /* Quaternion.hpp */,
				EA55491917854CC30084F546 /* RenderingEngine1.cpp */,
				EA55491A17854CC30084F546 /* Vector.hpp */,
			);
			path = opengles;
			sourceTree = "<group>";
		};
		EAEB2FBB17830012002D6520 /* CommonClasses */ = {
			isa = PBXGroup;
			children = (
				EAEB2FBC17830012002D6520 /* ContentsView.h */,
				EAEB2FBD17830012002D6520 /* ContentsView.m */,
				EAEB2FBE17830012002D6520 /* MainViewController.h */,
				EAEB2FBF17830012002D6520 /* MainViewController.m */,
				EAEB2FC017830012002D6520 /* MenuView.h */,
				EAEB2FC117830012002D6520 /* MenuView.m */,
			);
			name = CommonClasses;
			path = ../../CommonClasses;
			sourceTree = "<group>";
		};
		EAEB2FC5178300A9002D6520 /* CommonImages */ = {
			isa = PBXGroup;
			children = (
				4C43FABD1793AF34008D106F /* Contents */,
				EAEB2FC6178300A9002D6520 /* bg.png */,
				EAEB2FC7178300A9002D6520 /* Endding */,
				EAEB2FD2178300A9002D6520 /* Main */,
				EAEB2FDA178300A9002D6520 /* Menu */,
				EAEB2FE6178300A9002D6520 /* morebooktext.png */,
				EAEB2FE7178300A9002D6520 /* pageEffect.mp3 */,
				EAEB2FE8178300A9002D6520 /* Setting */,
			);
			name = CommonImages;
			path = ../CommonImages;
			sourceTree = "<group>";
		};
		EAEB2FC7178300A9002D6520 /* Endding */ = {
			isa = PBXGroup;
			children = (
				EAEB2FC8178300A9002D6520 /* btn_again.png */,
				EAEB2FC9178300A9002D6520 /* btn_mail.png */,
				EAEB2FCA178300A9002D6520 /* btn_twitter.png */,
				EAEB2FCB178300A9002D6520 /* end_bottom_bg.png */,
				EAEB2FCC178300A9002D6520 /* giantbigpot.png */,
				EAEB2FCD178300A9002D6520 /* img_comingsoon.png */,
				EAEB2FCE178300A9002D6520 /* img_comingsoon2.png */,
				EAEB2FCF178300A9002D6520 /* img_end.png */,
				EAEB2FD0178300A9002D6520 /* kinganchovy.png */,
				EAEB2FD1178300A9002D6520 /* timidtiger.png */,
			);
			path = Endding;
			sourceTree = "<group>";
		};
		EAEB2FD2178300A9002D6520 /* Main */ = {
			isa = PBXGroup;
			children = (
				EAEB2FD3178300A9002D6520 /* btn_beforeread.png */,
				EAEB2FD4178300A9002D6520 /* btn_read.png */,
				EAEB2FD5178300A9002D6520 /* btn_setup.png */,
				EAEB2FD6178300A9002D6520 /* copyright.png */,
				EAEB2FD7178300A9002D6520 /* logo.png */,
				EAEB2FD8178300A9002D6520 /* main_btn_more.png */,
				EAEB2FD9178300A9002D6520 /* title_morebooks.png */,
			);
			path = Main;
			sourceTree = "<group>";
		};
		EAEB2FDA178300A9002D6520 /* Menu */ = {
			isa = PBXGroup;
			children = (
				4C43FABB1793A41A008D106F /* icon_m_mosaic.png */,
				4C43FAB91793A412008D106F /* icon_m_info.png */,
				4C43FAB71793A3EB008D106F /* icon_m_home.png */,
				4C43FAB51793A263008D106F /* menu_bar.png */,
				EAEB2FDB178300A9002D6520 /* btn_back.png */,
				EAEB2FDC178300A9002D6520 /* btn_home.png */,
				EAEB2FDD178300A9002D6520 /* btn_next.png */,
				EAEB2FDE178300A9002D6520 /* btn_page.png */,
				EAEB2FDF178300A9002D6520 /* btn_pause.png */,
				EAEB2FE0178300A9002D6520 /* btn_play.png */,
				EAEB2FE1178300A9002D6520 /* btn_prev.png */,
				EAEB2FE2178300A9002D6520 /* btn_subtitle_off.png */,
				EAEB2FE3178300A9002D6520 /* btn_subtitle_on.png */,
				EAEB2FE4178300A9002D6520 /* menu_bg.png */,
				EAEB2FE5178300A9002D6520 /* menu_bg_r.png */,
			);
			path = Menu;
			sourceTree = "<group>";
		};
		EAEB2FE8178300A9002D6520 /* Setting */ = {
			isa = PBXGroup;
			children = (
				EAEB2FE9178300A9002D6520 /* btn_auto_off.png */,
				EAEB2FEA178300A9002D6520 /* btn_hide_off.png */,
				EAEB2FEB178300A9002D6520 /* btn_manual_off.png */,
				EAEB2FEC178300A9002D6520 /* btn_view_off.png */,
				EAEB2FED178300A9002D6520 /* mark_check.png */,
				EAEB2FEE178300A9002D6520 /* set_bg.png */,
			);
			path = Setting;
			sourceTree = "<group>";
		};
/* End PBXGroup section */

/* Begin PBXNativeTarget section */
		1D6058900D05DD3D006BFB54 /* TimidTiger */ = {
			isa = PBXNativeTarget;
			buildConfigurationList = 1D6058960D05DD3E006BFB54 /* Build configuration list for PBXNativeTarget "TimidTiger" */;
			buildPhases = (
				1D60588D0D05DD3D006BFB54 /* Resources */,
				1D60588E0D05DD3D006BFB54 /* Sources */,
				1D60588F0D05DD3D006BFB54 /* Frameworks */,
			);
			buildRules = (
			);
			dependencies = (
			);
			name = TimidTiger;
			productName = TimidTiger;
			productReference = 1D6058910D05DD3D006BFB54 /* TimidTiger.app */;
			productType = "com.apple.product-type.application";
		};
/* End PBXNativeTarget section */

/* Begin PBXProject section */
		29B97313FDCFA39411CA2CEA /* Project object */ = {
			isa = PBXProject;
			attributes = {
				LastUpgradeCheck = 0460;
			};
			buildConfigurationList = C01FCF4E08A954540054247B /* Build configuration list for PBXProject "TimidTiger" */;
			compatibilityVersion = "Xcode 3.2";
			developmentRegion = English;
			hasScannedForEncodings = 1;
			knownRegions = (
				English,
				Japanese,
				French,
				German,
			);
			mainGroup = 29B97314FDCFA39411CA2CEA /* CustomTemplate */;
			projectDirPath = "";
			projectRoot = "";
			targets = (
				1D6058900D05DD3D006BFB54 /* TimidTiger */,
			);
		};
/* End PBXProject section */

/* Begin PBXResourcesBuildPhase section */
		1D60588D0D05DD3D006BFB54 /* Resources */ = {
			isa = PBXResourcesBuildPhase;
			buildActionMask = 2147483647;
			files = (
				28AD733F0D9D9553002E5188 /* MainWindow.xib in Resources */,
				1FC2CFC1121A1E81008A4DCA /* settings.plist in Resources */,
				1FC2D053121A2015008A4DCA /* before_reading.png in Resources */,
				1FC2D054121A2015008A4DCA /* title_before.png in Resources */,
				1FC2D055121A2015008A4DCA /* bgm.mp3 in Resources */,
				1FC2D056121A2015008A4DCA /* book.png in Resources */,
				1FC2D057121A2015008A4DCA /* title.png in Resources */,
				1FC2D058121A2015008A4DCA /* 01.mp4 in Resources */,
				1FC2D059121A2015008A4DCA /* 01st.mp4 in Resources */,
				1FC2D05A121A2015008A4DCA /* 02.mp4 in Resources */,
				1FC2D05B121A2015008A4DCA /* 02st.mp4 in Resources */,
				1FC2D05C121A2015008A4DCA /* 03.mp4 in Resources */,
				1FC2D05D121A2015008A4DCA /* 03st.mp4 in Resources */,
				1FC2D05E121A2015008A4DCA /* 04.mp4 in Resources */,
				1FC2D05F121A2015008A4DCA /* 04st.mp4 in Resources */,
				1FC2D060121A2015008A4DCA /* 05.mp4 in Resources */,
				1FC2D061121A2015008A4DCA /* 05st.mp4 in Resources */,
				1FC2D062121A2015008A4DCA /* 06.mp4 in Resources */,
				1FC2D063121A2015008A4DCA /* 06st.mp4 in Resources */,
				1FC2D064121A2015008A4DCA /* 07.mp4 in Resources */,
				1FC2D065121A2015008A4DCA /* 07st.mp4 in Resources */,
				1FC2D066121A2015008A4DCA /* 08.mp4 in Resources */,
				1FC2D067121A2015008A4DCA /* 08st.mp4 in Resources */,
				1FC2D068121A2015008A4DCA /* 09.mp4 in Resources */,
				1FC2D069121A2015008A4DCA /* 09st.mp4 in Resources */,
				1FC2D06A121A2015008A4DCA /* 10.mp4 in Resources */,
				1FC2D06B121A2015008A4DCA /* 10st.mp4 in Resources */,
				1FC2D06C121A2015008A4DCA /* 11.mp4 in Resources */,
				1FC2D06D121A2015008A4DCA /* 11st.mp4 in Resources */,
				1FC2D06E121A2015008A4DCA /* 12.mp4 in Resources */,
				1FC2D06F121A2015008A4DCA /* 12st.mp4 in Resources */,
				1FC2D070121A2015008A4DCA /* 01.png in Resources */,
				1FC2D071121A2015008A4DCA /* 02.png in Resources */,
				1FC2D072121A2015008A4DCA /* 03.png in Resources */,
				1FC2D073121A2015008A4DCA /* 04.png in Resources */,
				1FC2D074121A2015008A4DCA /* 05.png in Resources */,
				1FC2D075121A2015008A4DCA /* 06.png in Resources */,
				1FC2D076121A2015008A4DCA /* 07.png in Resources */,
				1FC2D077121A2015008A4DCA /* 08.png in Resources */,
				1FC2D078121A2015008A4DCA /* 09.png in Resources */,
				1FC2D079121A2015008A4DCA /* 10.png in Resources */,
				1FC2D07A121A2015008A4DCA /* 11.png in Resources */,
				1FC2D07B121A2015008A4DCA /* 12.png in Resources */,
				1FC2D07C121A2015008A4DCA /* logo.mp4 in Resources */,
				1FC2D0D4121A23F8008A4DCA /* icon.png in Resources */,
				EAEB2FAC1782FA12002D6520 /* Default-568h@2x.png in Resources */,
				EAEB2FEF178300A9002D6520 /* bg.png in Resources */,
				EAEB2FF0178300A9002D6520 /* btn_again.png in Resources */,
				EAEB2FF1178300A9002D6520 /* btn_mail.png in Resources */,
				EAEB2FF2178300A9002D6520 /* btn_twitter.png in Resources */,
				EAEB2FF3178300A9002D6520 /* end_bottom_bg.png in Resources */,
				EAEB2FF4178300A9002D6520 /* giantbigpot.png in Resources */,
				EAEB2FF5178300A9002D6520 /* img_comingsoon.png in Resources */,
				EAEB2FF6178300A9002D6520 /* img_comingsoon2.png in Resources */,
				EAEB2FF7178300A9002D6520 /* img_end.png in Resources */,
				EAEB2FF8178300A9002D6520 /* kinganchovy.png in Resources */,
				EAEB2FF9178300A9002D6520 /* timidtiger.png in Resources */,
				EAEB2FFA178300A9002D6520 /* btn_beforeread.png in Resources */,
				EAEB2FFB178300A9002D6520 /* btn_read.png in Resources */,
				EAEB2FFC178300A9002D6520 /* btn_setup.png in Resources */,
				EAEB2FFD178300A9002D6520 /* copyright.png in Resources */,
				EAEB2FFE178300A9002D6520 /* logo.png in Resources */,
				EAEB2FFF178300A9002D6520 /* main_btn_more.png in Resources */,
				EAEB3000178300A9002D6520 /* title_morebooks.png in Resources */,
				EAEB3001178300A9002D6520 /* btn_back.png in Resources */,
				EAEB3002178300A9002D6520 /* btn_home.png in Resources */,
				EAEB3003178300A9002D6520 /* btn_next.png in Resources */,
				EAEB3004178300A9002D6520 /* btn_page.png in Resources */,
				EAEB3005178300A9002D6520 /* btn_pause.png in Resources */,
				EAEB3006178300A9002D6520 /* btn_play.png in Resources */,
				EAEB3007178300A9002D6520 /* btn_prev.png in Resources */,
				EAEB3008178300A9002D6520 /* btn_subtitle_off.png in Resources */,
				EAEB3009178300A9002D6520 /* btn_subtitle_on.png in Resources */,
				EAEB300A178300A9002D6520 /* menu_bg.png in Resources */,
				EAEB300B178300A9002D6520 /* menu_bg_r.png in Resources */,
				EAEB300C178300A9002D6520 /* morebooktext.png in Resources */,
				EAEB300D178300A9002D6520 /* pageEffect.mp3 in Resources */,
				EAEB300E178300A9002D6520 /* btn_auto_off.png in Resources */,
				EAEB300F178300A9002D6520 /* btn_hide_off.png in Resources */,
				EAEB3010178300A9002D6520 /* btn_manual_off.png in Resources */,
				EAEB3011178300A9002D6520 /* btn_view_off.png in Resources */,
				EAEB3012178300A9002D6520 /* mark_check.png in Resources */,
				EAEB3013178300A9002D6520 /* set_bg.png in Resources */,
				EA554938178551140084F546 /* image_resource in Resources */,
				4C43FAB61793A263008D106F /* menu_bar.png in Resources */,
				4C43FAB81793A3EB008D106F /* icon_m_home.png in Resources */,
				4C43FABA1793A412008D106F /* icon_m_info.png in Resources */,
				4C43FABC1793A41A008D106F /* icon_m_mosaic.png in Resources */,
				4C43FAC01793AF51008D106F /* icon_next.png in Resources */,
				4C43FAC11793AF51008D106F /* icon_prev.png in Resources */,
			);
			runOnlyForDeploymentPostprocessing = 0;
		};
/* End PBXResourcesBuildPhase section */

/* Begin PBXSourcesBuildPhase section */
		1D60588E0D05DD3D006BFB54 /* Sources */ = {
			isa = PBXSourcesBuildPhase;
			buildActionMask = 2147483647;
			files = (
				1D60589B0D05DD56006BFB54 /* main.m in Sources */,
				1D3623260D0F684500981E51 /* TimidTigerAppDelegate.m in Sources */,
				EAEB2FC217830012002D6520 /* ContentsView.m in Sources */,
				EAEB2FC317830012002D6520 /* MainViewController.m in Sources */,
				EAEB2FC417830012002D6520 /* MenuView.m in Sources */,
				EA55492117854CC30084F546 /* ColorPickerView.m in Sources */,
				EA55492217854CC30084F546 /* ActiveXDialog.cpp in Sources */,
				EA55492317854CC30084F546 /* ColoredPaper.cpp in Sources */,
				EA55492417854CC30084F546 /* ColoredPaperMosaic.cpp in Sources */,
				EA55492517854CC30084F546 /* ColoredPapperTile.cpp in Sources */,
				EA55492617854CC30084F546 /* dwLIC.cpp in Sources */,
				EA55492717854CC30084F546 /* ETF.cpp in Sources */,
				EA55492817854CC30084F546 /* fdog.cpp in Sources */,
				EA55492917854CC30084F546 /* InteractiveColoredPaperMosaic.cpp in Sources */,
				EA55492A17854CC30084F546 /* MNode.cpp in Sources */,
				EA55492B17854CC30084F546 /* MPoint.cpp in Sources */,
				EA55492C17854CC30084F546 /* mSemaphore.cpp in Sources */,
				EA55492D17854CC30084F546 /* TornEffect.cpp in Sources */,
				EA55492E17854CC30084F546 /* xDistanceTransform.cpp in Sources */,
				EA55492F17854CC30084F546 /* ObjectiveC.mm in Sources */,
				EA55493017854CC30084F546 /* GLView.mm in Sources */,
				EA55493117854CC30084F546 /* RenderingEngine1.cpp in Sources */,
				EA55493217854CC30084F546 /* PaperMosaicCanvas.mm in Sources */,
				EA55493317854CC30084F546 /* PaperMosaicViewController.mm in Sources */,
				EA55493417854CC30084F546 /* UIImageCVArrConverter.mm in Sources */,
			);
			runOnlyForDeploymentPostprocessing = 0;
		};
/* End PBXSourcesBuildPhase section */

/* Begin XCBuildConfiguration section */
		1D6058940D05DD3E006BFB54 /* Debug */ = {
			isa = XCBuildConfiguration;
			buildSettings = {
				ALWAYS_SEARCH_USER_PATHS = NO;
				CLANG_CXX_LANGUAGE_STANDARD = "c++0x";
				CLANG_CXX_LIBRARY = "libc++";
				CLANG_ENABLE_OBJC_ARC = YES;
				CODE_SIGN_IDENTITY = "iPhone Developer: Hanjong Ko (V3UJUG6MGM)";
				"CODE_SIGN_IDENTITY[sdk=iphoneos*]" = "iPhone Developer: Hanjong Ko (V3UJUG6MGM)";
				COPY_PHASE_STRIP = NO;
				FRAMEWORK_SEARCH_PATHS = (
					"$(inherited)",
					"\"$(SRCROOT)\"",
					"\"$(SRCROOT)/..\"",
				);
				GCC_C_LANGUAGE_STANDARD = "compiler-default";
				GCC_DYNAMIC_NO_PIC = NO;
				GCC_INPUT_FILETYPE = sourcecode.cpp.objcpp;
				GCC_OPTIMIZATION_LEVEL = 0;
				GCC_PRECOMPILE_PREFIX_HEADER = YES;
				GCC_PREFIX_HEADER = TimidTiger_Prefix.pch;
				INFOPLIST_FILE = "TimidTiger-Info.plist";
				IPHONEOS_DEPLOYMENT_TARGET = 6.0;
				PRODUCT_NAME = TimidTiger;
				PROVISIONING_PROFILE = "C364917F-9A0D-4B5A-80EB-78F3CC5AC6B8";
				"PROVISIONING_PROFILE[sdk=iphoneos*]" = "C364917F-9A0D-4B5A-80EB-78F3CC5AC6B8";
				SDKROOT = iphoneos;
				TARGETED_DEVICE_FAMILY = 2;
			};
			name = Debug;
		};
		1D6058950D05DD3E006BFB54 /* Release */ = {
			isa = XCBuildConfiguration;
			buildSettings = {
				ALWAYS_SEARCH_USER_PATHS = NO;
				CLANG_CXX_LANGUAGE_STANDARD = "c++0x";
				CLANG_CXX_LIBRARY = "libc++";
				CLANG_ENABLE_OBJC_ARC = YES;
				CODE_SIGN_IDENTITY = "iPhone Developer";
				"CODE_SIGN_IDENTITY[sdk=iphoneos*]" = "iPhone Developer: Hanjong Ko (V3UJUG6MGM)";
				COPY_PHASE_STRIP = YES;
				FRAMEWORK_SEARCH_PATHS = (
					"$(inherited)",
					"\"$(SRCROOT)\"",
					"\"$(SRCROOT)/..\"",
				);
				GCC_C_LANGUAGE_STANDARD = "compiler-default";
				GCC_INPUT_FILETYPE = sourcecode.cpp.objcpp;
				GCC_PRECOMPILE_PREFIX_HEADER = YES;
				GCC_PREFIX_HEADER = TimidTiger_Prefix.pch;
				INFOPLIST_FILE = "TimidTiger-Info.plist";
				IPHONEOS_DEPLOYMENT_TARGET = 6.0;
				PRODUCT_NAME = TimidTiger;
				PROVISIONING_PROFILE = "";
				"PROVISIONING_PROFILE[sdk=iphoneos*]" = "C364917F-9A0D-4B5A-80EB-78F3CC5AC6B8";
				SDKROOT = iphoneos;
				TARGETED_DEVICE_FAMILY = 2;
				VALIDATE_PRODUCT = YES;
			};
			name = Release;
		};
		C01FCF4F08A954540054247B /* Debug */ = {
			isa = XCBuildConfiguration;
			buildSettings = {
				ARCHS = "$(ARCHS_STANDARD_32_BIT)";
				"CODE_SIGN_IDENTITY[sdk=iphoneos*]" = "iPhone Developer: Gun Choi (2278J94PXY)";
				GCC_C_LANGUAGE_STANDARD = c99;
				GCC_WARN_ABOUT_RETURN_TYPE = YES;
				GCC_WARN_UNUSED_VARIABLE = YES;
				IPHONEOS_DEPLOYMENT_TARGET = 4.0;
				"PROVISIONING_PROFILE[sdk=iphoneos*]" = "A0C4F6E0-5998-4248-BA90-D91C087D6BFD";
				SDKROOT = iphoneos;
			};
			name = Debug;
		};
		C01FCF5008A954540054247B /* Release */ = {
			isa = XCBuildConfiguration;
			buildSettings = {
				ARCHS = "$(ARCHS_STANDARD_32_BIT)";
				"CODE_SIGN_IDENTITY[sdk=iphoneos*]" = "iPhone Developer: Gun Choi (2278J94PXY)";
				GCC_C_LANGUAGE_STANDARD = c99;
				GCC_WARN_ABOUT_RETURN_TYPE = YES;
				GCC_WARN_UNUSED_VARIABLE = YES;
				IPHONEOS_DEPLOYMENT_TARGET = 4.0;
				OTHER_CFLAGS = "-DNS_BLOCK_ASSERTIONS=1";
				"PROVISIONING_PROFILE[sdk=iphoneos*]" = "A0C4F6E0-5998-4248-BA90-D91C087D6BFD";
				SDKROOT = iphoneos;
			};
			name = Release;
		};
/* End XCBuildConfiguration section */

/* Begin XCConfigurationList section */
		1D6058960D05DD3E006BFB54 /* Build configuration list for PBXNativeTarget "TimidTiger" */ = {
			isa = XCConfigurationList;
			buildConfigurations = (
				1D6058940D05DD3E006BFB54 /* Debug */,
				1D6058950D05DD3E006BFB54 /* Release */,
			);
			defaultConfigurationIsVisible = 0;
			defaultConfigurationName = Release;
		};
		C01FCF4E08A954540054247B /* Build configuration list for PBXProject "TimidTiger" */ = {
			isa = XCConfigurationList;
			buildConfigurations = (
				C01FCF4F08A954540054247B /* Debug */,
				C01FCF5008A954540054247B /* Release */,
			);
			defaultConfigurationIsVisible = 0;
			defaultConfigurationName = Release;
		};
/* End XCConfigurationList section */
	};
	rootObject = 29B97313FDCFA39411CA2CEA /* Project object */;
}
