// !$*UTF8*$!
{
	archiveVersion = 1;
	classes = {
	};
	objectVersion = 46;
	objects = {

/* Begin PBXBuildFile section */
		1C8AE10A1793D63300174072 /* UIKit.framework in Frameworks */ = {isa = PBXBuildFile; fileRef = 1C8AE1091793D63300174072 /* UIKit.framework */; };
		1C8AE10C1793D63300174072 /* Foundation.framework in Frameworks */ = {isa = PBXBuildFile; fileRef = 1C8AE10B1793D63300174072 /* Foundation.framework */; };
		1C8AE10E1793D63300174072 /* CoreGraphics.framework in Frameworks */ = {isa = PBXBuildFile; fileRef = 1C8AE10D1793D63300174072 /* CoreGraphics.framework */; };
		1C8AE1141793D63300174072 /* InfoPlist.strings in Resources */ = {isa = PBXBuildFile; fileRef = 1C8AE1121793D63300174072 /* InfoPlist.strings */; };
		1C8AE1161793D63300174072 /* main.m in Sources */ = {isa = PBXBuildFile; fileRef = 1C8AE1151793D63300174072 /* main.m */; };
		1C8AE11A1793D63300174072 /* ONAppDelegate.m in Sources */ = {isa = PBXBuildFile; fileRef = 1C8AE1191793D63300174072 /* ONAppDelegate.m */; };
		1C8AE11C1793D63300174072 /* Default.png in Resources */ = {isa = PBXBuildFile; fileRef = 1C8AE11B1793D63300174072 /* Default.png */; };
		1C8AE11E1793D63300174072 /* Default@2x.png in Resources */ = {isa = PBXBuildFile; fileRef = 1C8AE11D1793D63300174072 /* Default@2x.png */; };
		1C8AE1201793D63300174072 /* Default-568h@2x.png in Resources */ = {isa = PBXBuildFile; fileRef = 1C8AE11F1793D63300174072 /* Default-568h@2x.png */; };
		1C8AE1231793D63300174072 /* MainStoryboard.storyboard in Resources */ = {isa = PBXBuildFile; fileRef = 1C8AE1211793D63300174072 /* MainStoryboard.storyboard */; };
		1C8AE1261793D63300174072 /* ONViewController.m in Sources */ = {isa = PBXBuildFile; fileRef = 1C8AE1251793D63300174072 /* ONViewController.m */; };
		1C8AE12E1793D63300174072 /* SenTestingKit.framework in Frameworks */ = {isa = PBXBuildFile; fileRef = 1C8AE12D1793D63300174072 /* SenTestingKit.framework */; };
		1C8AE12F1793D63300174072 /* UIKit.framework in Frameworks */ = {isa = PBXBuildFile; fileRef = 1C8AE1091793D63300174072 /* UIKit.framework */; };
		1C8AE1301793D63300174072 /* Foundation.framework in Frameworks */ = {isa = PBXBuildFile; fileRef = 1C8AE10B1793D63300174072 /* Foundation.framework */; };
		1C8AE1381793D63300174072 /* InfoPlist.strings in Resources */ = {isa = PBXBuildFile; fileRef = 1C8AE1361793D63300174072 /* InfoPlist.strings */; };
		1C8AE13B1793D63300174072 /* photobookTests.m in Sources */ = {isa = PBXBuildFile; fileRef = 1C8AE13A1793D63300174072 /* photobookTests.m */; };
		1C8AE16D179424F400174072 /* ONMosaicViewController.m in Sources */ = {isa = PBXBuildFile; fileRef = 1C8AE16C179424F400174072 /* ONMosaicViewController.m */; };
		1C8AE3FC1794452600174072 /* ONContentsViewController.m in Sources */ = {isa = PBXBuildFile; fileRef = 1C8AE3FB1794452600174072 /* ONContentsViewController.m */; };
		1C8AE3FE1794477800174072 /* settings.plist in Resources */ = {isa = PBXBuildFile; fileRef = 1C8AE3FD1794477800174072 /* settings.plist */; };
		1C8AE4DC17951F9000174072 /* icon_menu.png in Resources */ = {isa = PBXBuildFile; fileRef = 1C8AE49217951F8E00174072 /* icon_menu.png */; };
		1C8AE4DD17951F9000174072 /* icon_next.png in Resources */ = {isa = PBXBuildFile; fileRef = 1C8AE49317951F8E00174072 /* icon_next.png */; };
		1C8AE4DE17951F9000174072 /* icon_prev.png in Resources */ = {isa = PBXBuildFile; fileRef = 1C8AE49417951F8E00174072 /* icon_prev.png */; };
		1C8AE4DF17951F9000174072 /* 01.JPG in Resources */ = {isa = PBXBuildFile; fileRef = 1C8AE49517951F8E00174072 /* 01.JPG */; };
		1C8AE4E017951F9000174072 /* 02.JPG in Resources */ = {isa = PBXBuildFile; fileRef = 1C8AE49617951F8E00174072 /* 02.JPG */; };
		1C8AE4E117951F9000174072 /* 03.JPG in Resources */ = {isa = PBXBuildFile; fileRef = 1C8AE49717951F8E00174072 /* 03.JPG */; };
		1C8AE4E217951F9000174072 /* 04.JPG in Resources */ = {isa = PBXBuildFile; fileRef = 1C8AE49817951F8E00174072 /* 04.JPG */; };
		1C8AE4E317951F9000174072 /* 05.JPG in Resources */ = {isa = PBXBuildFile; fileRef = 1C8AE49917951F8E00174072 /* 05.JPG */; };
		1C8AE4E417951F9000174072 /* 06.JPG in Resources */ = {isa = PBXBuildFile; fileRef = 1C8AE49A17951F8E00174072 /* 06.JPG */; };
		1C8AE4E517951F9000174072 /* 07.JPG in Resources */ = {isa = PBXBuildFile; fileRef = 1C8AE49B17951F8E00174072 /* 07.JPG */; };
		1C8AE4E617951F9000174072 /* 08.JPG in Resources */ = {isa = PBXBuildFile; fileRef = 1C8AE49C17951F8E00174072 /* 08.JPG */; };
		1C8AE4E717951F9000174072 /* 09.JPG in Resources */ = {isa = PBXBuildFile; fileRef = 1C8AE49D17951F8E00174072 /* 09.JPG */; };
		1C8AE4E817951F9000174072 /* 10.JPG in Resources */ = {isa = PBXBuildFile; fileRef = 1C8AE49E17951F8E00174072 /* 10.JPG */; };
		1C8AE4E917951F9000174072 /* 11.JPG in Resources */ = {isa = PBXBuildFile; fileRef = 1C8AE49F17951F8E00174072 /* 11.JPG */; };
		1C8AE4EA17951F9000174072 /* 12.JPG in Resources */ = {isa = PBXBuildFile; fileRef = 1C8AE4A017951F8E00174072 /* 12.JPG */; };
		1C8AE4EB17951F9000174072 /* icon_m_home.png in Resources */ = {isa = PBXBuildFile; fileRef = 1C8AE4A217951F8E00174072 /* icon_m_home.png */; };
		1C8AE4EC17951F9000174072 /* icon_m_home_down.png in Resources */ = {isa = PBXBuildFile; fileRef = 1C8AE4A317951F8E00174072 /* icon_m_home_down.png */; };
		1C8AE4ED17951F9000174072 /* icon_m_info.png in Resources */ = {isa = PBXBuildFile; fileRef = 1C8AE4A417951F8E00174072 /* icon_m_info.png */; };
		1C8AE4EE17951F9000174072 /* icon_m_info_down.png in Resources */ = {isa = PBXBuildFile; fileRef = 1C8AE4A517951F8E00174072 /* icon_m_info_down.png */; };
		1C8AE4EF17951F9000174072 /* icon_m_mosaic.png in Resources */ = {isa = PBXBuildFile; fileRef = 1C8AE4A617951F8E00174072 /* icon_m_mosaic.png */; };
		1C8AE4F017951F9000174072 /* icon_m_mosaic_down.png in Resources */ = {isa = PBXBuildFile; fileRef = 1C8AE4A717951F8E00174072 /* icon_m_mosaic_down.png */; };
		1C8AE4F117951F9000174072 /* icon_m_page.png in Resources */ = {isa = PBXBuildFile; fileRef = 1C8AE4A817951F8E00174072 /* icon_m_page.png */; };
		1C8AE4F217951F9000174072 /* icon_m_page_down.png in Resources */ = {isa = PBXBuildFile; fileRef = 1C8AE4A917951F8E00174072 /* icon_m_page_down.png */; };
		1C8AE4F317951F9000174072 /* icon_m_painting.png in Resources */ = {isa = PBXBuildFile; fileRef = 1C8AE4AA17951F8E00174072 /* icon_m_painting.png */; };
		1C8AE4F417951F9000174072 /* icon_m_painting_down.png in Resources */ = {isa = PBXBuildFile; fileRef = 1C8AE4AB17951F8E00174072 /* icon_m_painting_down.png */; };
		1C8AE4F517951F9000174072 /* icon_m_reread.png in Resources */ = {isa = PBXBuildFile; fileRef = 1C8AE4AC17951F8E00174072 /* icon_m_reread.png */; };
		1C8AE4F617951F9000174072 /* icon_m_reread_down.png in Resources */ = {isa = PBXBuildFile; fileRef = 1C8AE4AD17951F8E00174072 /* icon_m_reread_down.png */; };
		1C8AE4F717951F9000174072 /* icon_menu.png in Resources */ = {isa = PBXBuildFile; fileRef = 1C8AE4AE17951F8E00174072 /* icon_menu.png */; };
		1C8AE4F817951F9000174072 /* menu_bar.png in Resources */ = {isa = PBXBuildFile; fileRef = 1C8AE4AF17951F8E00174072 /* menu_bar.png */; };
		1C8AE4F917951F9000174072 /* mosaic_action_box.png in Resources */ = {isa = PBXBuildFile; fileRef = 1C8AE4B117951F8F00174072 /* mosaic_action_box.png */; };
		1C8AE4FA17951F9000174072 /* mosaic_bg.png in Resources */ = {isa = PBXBuildFile; fileRef = 1C8AE4B217951F8F00174072 /* mosaic_bg.png */; };
		1C8AE4FB17951F9000174072 /* mosaic_book.png in Resources */ = {isa = PBXBuildFile; fileRef = 1C8AE4B317951F8F00174072 /* mosaic_book.png */; };
		1C8AE4FC17951F9000174072 /* mosaic_c01.png in Resources */ = {isa = PBXBuildFile; fileRef = 1C8AE4B417951F8F00174072 /* mosaic_c01.png */; };
		1C8AE4FD17951F9000174072 /* mosaic_c01_down.png in Resources */ = {isa = PBXBuildFile; fileRef = 1C8AE4B517951F8F00174072 /* mosaic_c01_down.png */; };
		1C8AE4FE17951F9000174072 /* mosaic_c02.png in Resources */ = {isa = PBXBuildFile; fileRef = 1C8AE4B617951F8F00174072 /* mosaic_c02.png */; };
		1C8AE4FF17951F9000174072 /* mosaic_c02_down.png in Resources */ = {isa = PBXBuildFile; fileRef = 1C8AE4B717951F8F00174072 /* mosaic_c02_down.png */; };
		1C8AE50017951F9000174072 /* mosaic_c03.png in Resources */ = {isa = PBXBuildFile; fileRef = 1C8AE4B817951F8F00174072 /* mosaic_c03.png */; };
		1C8AE50117951F9000174072 /* mosaic_c03_down.png in Resources */ = {isa = PBXBuildFile; fileRef = 1C8AE4B917951F8F00174072 /* mosaic_c03_down.png */; };
		1C8AE50217951F9000174072 /* mosaic_c04.png in Resources */ = {isa = PBXBuildFile; fileRef = 1C8AE4BA17951F8F00174072 /* mosaic_c04.png */; };
		1C8AE50317951F9000174072 /* mosaic_c04_down.png in Resources */ = {isa = PBXBuildFile; fileRef = 1C8AE4BB17951F8F00174072 /* mosaic_c04_down.png */; };
		1C8AE50417951F9000174072 /* mosaic_c05.png in Resources */ = {isa = PBXBuildFile; fileRef = 1C8AE4BC17951F8F00174072 /* mosaic_c05.png */; };
		1C8AE50517951F9000174072 /* mosaic_c05_down.png in Resources */ = {isa = PBXBuildFile; fileRef = 1C8AE4BD17951F8F00174072 /* mosaic_c05_down.png */; };
		1C8AE50617951F9000174072 /* mosaic_c06.png in Resources */ = {isa = PBXBuildFile; fileRef = 1C8AE4BE17951F8F00174072 /* mosaic_c06.png */; };
		1C8AE50717951F9000174072 /* mosaic_c06_down.png in Resources */ = {isa = PBXBuildFile; fileRef = 1C8AE4BF17951F8F00174072 /* mosaic_c06_down.png */; };
		1C8AE50817951F9000174072 /* mosaic_c07.png in Resources */ = {isa = PBXBuildFile; fileRef = 1C8AE4C017951F8F00174072 /* mosaic_c07.png */; };
		1C8AE50917951F9000174072 /* mosaic_c07_down.png in Resources */ = {isa = PBXBuildFile; fileRef = 1C8AE4C117951F8F00174072 /* mosaic_c07_down.png */; };
		1C8AE50A17951F9000174072 /* mosaic_c08.png in Resources */ = {isa = PBXBuildFile; fileRef = 1C8AE4C217951F8F00174072 /* mosaic_c08.png */; };
		1C8AE50B17951F9000174072 /* mosaic_c08_down.png in Resources */ = {isa = PBXBuildFile; fileRef = 1C8AE4C317951F8F00174072 /* mosaic_c08_down.png */; };
		1C8AE50C17951F9000174072 /* mosaic_c09.png in Resources */ = {isa = PBXBuildFile; fileRef = 1C8AE4C417951F8F00174072 /* mosaic_c09.png */; };
		1C8AE50D17951F9000174072 /* mosaic_c09_down.png in Resources */ = {isa = PBXBuildFile; fileRef = 1C8AE4C517951F8F00174072 /* mosaic_c09_down.png */; };
		1C8AE50E17951F9000174072 /* mosaic_c10.png in Resources */ = {isa = PBXBuildFile; fileRef = 1C8AE4C617951F8F00174072 /* mosaic_c10.png */; };
		1C8AE50F17951F9000174072 /* mosaic_c10_down.png in Resources */ = {isa = PBXBuildFile; fileRef = 1C8AE4C717951F8F00174072 /* mosaic_c10_down.png */; };
		1C8AE51017951F9000174072 /* mosaic_c11.png in Resources */ = {isa = PBXBuildFile; fileRef = 1C8AE4C817951F8F00174072 /* mosaic_c11.png */; };
		1C8AE51117951F9000174072 /* mosaic_c11_down.png in Resources */ = {isa = PBXBuildFile; fileRef = 1C8AE4C917951F8F00174072 /* mosaic_c11_down.png */; };
		1C8AE51217951F9000174072 /* mosaic_c12.png in Resources */ = {isa = PBXBuildFile; fileRef = 1C8AE4CA17951F8F00174072 /* mosaic_c12.png */; };
		1C8AE51317951F9000174072 /* mosaic_c12_down.png in Resources */ = {isa = PBXBuildFile; fileRef = 1C8AE4CB17951F8F00174072 /* mosaic_c12_down.png */; };
		1C8AE51417951F9000174072 /* page_img01.png in Resources */ = {isa = PBXBuildFile; fileRef = 1C8AE4CD17951F9000174072 /* page_img01.png */; };
		1C8AE51517951F9000174072 /* page_img02.png in Resources */ = {isa = PBXBuildFile; fileRef = 1C8AE4CE17951F9000174072 /* page_img02.png */; };
		1C8AE51617951F9000174072 /* page_img03.png in Resources */ = {isa = PBXBuildFile; fileRef = 1C8AE4CF17951F9000174072 /* page_img03.png */; };
		1C8AE51717951F9000174072 /* page_img04.png in Resources */ = {isa = PBXBuildFile; fileRef = 1C8AE4D017951F9000174072 /* page_img04.png */; };
		1C8AE51817951F9000174072 /* page_img05.png in Resources */ = {isa = PBXBuildFile; fileRef = 1C8AE4D117951F9000174072 /* page_img05.png */; };
		1C8AE51917951F9000174072 /* page_img06.png in Resources */ = {isa = PBXBuildFile; fileRef = 1C8AE4D217951F9000174072 /* page_img06.png */; };
		1C8AE51A17951F9000174072 /* page_img07.png in Resources */ = {isa = PBXBuildFile; fileRef = 1C8AE4D317951F9000174072 /* page_img07.png */; };
		1C8AE51B17951F9000174072 /* page_img08.png in Resources */ = {isa = PBXBuildFile; fileRef = 1C8AE4D417951F9000174072 /* page_img08.png */; };
		1C8AE51C17951F9000174072 /* page_img09.png in Resources */ = {isa = PBXBuildFile; fileRef = 1C8AE4D517951F9000174072 /* page_img09.png */; };
		1C8AE51D17951F9000174072 /* page_img10.png in Resources */ = {isa = PBXBuildFile; fileRef = 1C8AE4D617951F9000174072 /* page_img10.png */; };
		1C8AE51E17951F9000174072 /* page_img11.png in Resources */ = {isa = PBXBuildFile; fileRef = 1C8AE4D717951F9000174072 /* page_img11.png */; };
		1C8AE51F17951F9000174072 /* page_img12.png in Resources */ = {isa = PBXBuildFile; fileRef = 1C8AE4D817951F9000174072 /* page_img12.png */; };
		1C8AE52017951F9000174072 /* icon_play.png in Resources */ = {isa = PBXBuildFile; fileRef = 1C8AE4DA17951F9000174072 /* icon_play.png */; };
		1C8AE52117951F9000174072 /* p1.jpg in Resources */ = {isa = PBXBuildFile; fileRef = 1C8AE4DB17951F9000174072 /* p1.jpg */; };
		1CEE4759179529F0009D0105 /* btn_paste_down.png in Resources */ = {isa = PBXBuildFile; fileRef = 1CEE4757179529F0009D0105 /* btn_paste_down.png */; };
		1CEE475A179529F0009D0105 /* btn_paste.png in Resources */ = {isa = PBXBuildFile; fileRef = 1CEE4758179529F0009D0105 /* btn_paste.png */; };
		1CEE47A517953353009D0105 /* ColorPickerView.m in Sources */ = {isa = PBXBuildFile; fileRef = 1CEE475D17953353009D0105 /* ColorPickerView.m */; };
		1CEE47A617953353009D0105 /* ActiveXDialog.cpp in Sources */ = {isa = PBXBuildFile; fileRef = 1CEE475F17953353009D0105 /* ActiveXDialog.cpp */; };
		1CEE47A717953353009D0105 /* ColoredPaper.cpp in Sources */ = {isa = PBXBuildFile; fileRef = 1CEE476117953353009D0105 /* ColoredPaper.cpp */; };
		1CEE47A817953353009D0105 /* ColoredPaperMosaic.cpp in Sources */ = {isa = PBXBuildFile; fileRef = 1CEE476317953353009D0105 /* ColoredPaperMosaic.cpp */; };
		1CEE47A917953353009D0105 /* ColoredPapperTile.cpp in Sources */ = {isa = PBXBuildFile; fileRef = 1CEE476517953353009D0105 /* ColoredPapperTile.cpp */; };
		1CEE47AA17953353009D0105 /* dwLIC.cpp in Sources */ = {isa = PBXBuildFile; fileRef = 1CEE476817953353009D0105 /* dwLIC.cpp */; };
		1CEE47AB17953353009D0105 /* ETF.cpp in Sources */ = {isa = PBXBuildFile; fileRef = 1CEE476A17953353009D0105 /* ETF.cpp */; };
		1CEE47AC17953353009D0105 /* fdog.cpp in Sources */ = {isa = PBXBuildFile; fileRef = 1CEE476C17953353009D0105 /* fdog.cpp */; };
		1CEE47AD17953353009D0105 /* InteractiveColoredPaperMosaic.cpp in Sources */ = {isa = PBXBuildFile; fileRef = 1CEE477017953353009D0105 /* InteractiveColoredPaperMosaic.cpp */; };
		1CEE47AE17953353009D0105 /* MNode.cpp in Sources */ = {isa = PBXBuildFile; fileRef = 1CEE477217953353009D0105 /* MNode.cpp */; };
		1CEE47AF17953353009D0105 /* MPoint.cpp in Sources */ = {isa = PBXBuildFile; fileRef = 1CEE477417953353009D0105 /* MPoint.cpp */; };
		1CEE47B017953353009D0105 /* mSemaphore.cpp in Sources */ = {isa = PBXBuildFile; fileRef = 1CEE477617953353009D0105 /* mSemaphore.cpp */; };
		1CEE47B117953353009D0105 /* TornEffect.cpp in Sources */ = {isa = PBXBuildFile; fileRef = 1CEE477817953353009D0105 /* TornEffect.cpp */; };
		1CEE47B217953353009D0105 /* xDistanceTransform.cpp in Sources */ = {isa = PBXBuildFile; fileRef = 1CEE477A17953353009D0105 /* xDistanceTransform.cpp */; };
		1CEE47B317953353009D0105 /* edge_img.bmp in Resources */ = {isa = PBXBuildFile; fileRef = 1CEE477E17953353009D0105 /* edge_img.bmp */; };
		1CEE47B417953353009D0105 /* mask_img.bmp in Resources */ = {isa = PBXBuildFile; fileRef = 1CEE477F17953353009D0105 /* mask_img.bmp */; };
		1CEE47B517953353009D0105 /* source_img.bmp in Resources */ = {isa = PBXBuildFile; fileRef = 1CEE478017953353009D0105 /* source_img.bmp */; };
		1CEE47B617953353009D0105 /* edge_img.bmp in Resources */ = {isa = PBXBuildFile; fileRef = 1CEE478217953353009D0105 /* edge_img.bmp */; };
		1CEE47B717953353009D0105 /* mask_img.bmp in Resources */ = {isa = PBXBuildFile; fileRef = 1CEE478317953353009D0105 /* mask_img.bmp */; };
		1CEE47B817953353009D0105 /* source_img.bmp in Resources */ = {isa = PBXBuildFile; fileRef = 1CEE478417953353009D0105 /* source_img.bmp */; };
		1CEE47B917953353009D0105 /* edge_img.bmp in Resources */ = {isa = PBXBuildFile; fileRef = 1CEE478617953353009D0105 /* edge_img.bmp */; };
		1CEE47BA17953353009D0105 /* mask_img.bmp in Resources */ = {isa = PBXBuildFile; fileRef = 1CEE478717953353009D0105 /* mask_img.bmp */; };
		1CEE47BB17953353009D0105 /* source_img.bmp in Resources */ = {isa = PBXBuildFile; fileRef = 1CEE478817953353009D0105 /* source_img.bmp */; };
		1CEE47BC17953353009D0105 /* edge_img.bmp in Resources */ = {isa = PBXBuildFile; fileRef = 1CEE478A17953353009D0105 /* edge_img.bmp */; };
		1CEE47BD17953353009D0105 /* mask_img.bmp in Resources */ = {isa = PBXBuildFile; fileRef = 1CEE478B17953353009D0105 /* mask_img.bmp */; };
		1CEE47BE17953353009D0105 /* souce_img.bmp in Resources */ = {isa = PBXBuildFile; fileRef = 1CEE478C17953353009D0105 /* souce_img.bmp */; };
		1CEE47BF17953353009D0105 /* edge_img.bmp in Resources */ = {isa = PBXBuildFile; fileRef = 1CEE478E17953353009D0105 /* edge_img.bmp */; };
		1CEE47C017953353009D0105 /* mask_img.bmp in Resources */ = {isa = PBXBuildFile; fileRef = 1CEE478F17953353009D0105 /* mask_img.bmp */; };
		1CEE47C117953353009D0105 /* source_img.bmp in Resources */ = {isa = PBXBuildFile; fileRef = 1CEE479017953353009D0105 /* source_img.bmp */; };
		1CEE47C217953353009D0105 /* edge_img.bmp in Resources */ = {isa = PBXBuildFile; fileRef = 1CEE479217953353009D0105 /* edge_img.bmp */; };
		1CEE47C317953353009D0105 /* mask_img.bmp in Resources */ = {isa = PBXBuildFile; fileRef = 1CEE479317953353009D0105 /* mask_img.bmp */; };
		1CEE47C417953353009D0105 /* source_img.bmp in Resources */ = {isa = PBXBuildFile; fileRef = 1CEE479417953353009D0105 /* source_img.bmp */; };
		1CEE47C517953353009D0105 /* ObjectiveC.mm in Sources */ = {isa = PBXBuildFile; fileRef = 1CEE479617953353009D0105 /* ObjectiveC.mm */; };
		1CEE47C617953353009D0105 /* GLView.mm in Sources */ = {isa = PBXBuildFile; fileRef = 1CEE479917953353009D0105 /* GLView.mm */; };
		1CEE47C717953353009D0105 /* RenderingEngine1.cpp in Sources */ = {isa = PBXBuildFile; fileRef = 1CEE479D17953353009D0105 /* RenderingEngine1.cpp */; };
		1CEE47C817953353009D0105 /* PaperMosaicCanvas.mm in Sources */ = {isa = PBXBuildFile; fileRef = 1CEE47A017953353009D0105 /* PaperMosaicCanvas.mm */; };
		1CEE47C917953353009D0105 /* PaperMosaicViewController.mm in Sources */ = {isa = PBXBuildFile; fileRef = 1CEE47A217953353009D0105 /* PaperMosaicViewController.mm */; };
		1CEE47CA17953353009D0105 /* UIImageCVArrConverter.mm in Sources */ = {isa = PBXBuildFile; fileRef = 1CEE47A417953353009D0105 /* UIImageCVArrConverter.mm */; };
		1CEE47CE17953537009D0105 /* OpenGLES.framework in Frameworks */ = {isa = PBXBuildFile; fileRef = 1CEE47CD17953537009D0105 /* OpenGLES.framework */; };
		1CEE47D01795354C009D0105 /* QuartzCore.framework in Frameworks */ = {isa = PBXBuildFile; fileRef = 1CEE47CF1795354C009D0105 /* QuartzCore.framework */; };
		EA9A638B17953A9500D11A4E /* opencv2.framework in Frameworks */ = {isa = PBXBuildFile; fileRef = EA9A638A17953A9500D11A4E /* opencv2.framework */; };
/* End PBXBuildFile section */

/* Begin PBXContainerItemProxy section */
		1C8AE1311793D63300174072 /* PBXContainerItemProxy */ = {
			isa = PBXContainerItemProxy;
			containerPortal = 1C8AE0FE1793D63300174072 /* Project object */;
			proxyType = 1;
			remoteGlobalIDString = 1C8AE1051793D63300174072;
			remoteInfo = photobook;
		};
/* End PBXContainerItemProxy section */

/* Begin PBXFileReference section */
		1C8AE1061793D63300174072 /* photobook.app */ = {isa = PBXFileReference; explicitFileType = wrapper.application; includeInIndex = 0; path = photobook.app; sourceTree = BUILT_PRODUCTS_DIR; };
		1C8AE1091793D63300174072 /* UIKit.framework */ = {isa = PBXFileReference; lastKnownFileType = wrapper.framework; name = UIKit.framework; path = System/Library/Frameworks/UIKit.framework; sourceTree = SDKROOT; };
		1C8AE10B1793D63300174072 /* Foundation.framework */ = {isa = PBXFileReference; lastKnownFileType = wrapper.framework; name = Foundation.framework; path = System/Library/Frameworks/Foundation.framework; sourceTree = SDKROOT; };
		1C8AE10D1793D63300174072 /* CoreGraphics.framework */ = {isa = PBXFileReference; lastKnownFileType = wrapper.framework; name = CoreGraphics.framework; path = System/Library/Frameworks/CoreGraphics.framework; sourceTree = SDKROOT; };
		1C8AE1111793D63300174072 /* photobook-Info.plist */ = {isa = PBXFileReference; lastKnownFileType = text.plist.xml; path = "photobook-Info.plist"; sourceTree = "<group>"; };
		1C8AE1131793D63300174072 /* en */ = {isa = PBXFileReference; lastKnownFileType = text.plist.strings; name = en; path = en.lproj/InfoPlist.strings; sourceTree = "<group>"; };
		1C8AE1151793D63300174072 /* main.m */ = {isa = PBXFileReference; lastKnownFileType = sourcecode.c.objc; path = main.m; sourceTree = "<group>"; };
		1C8AE1171793D63300174072 /* photobook-Prefix.pch */ = {isa = PBXFileReference; lastKnownFileType = sourcecode.c.h; path = "photobook-Prefix.pch"; sourceTree = "<group>"; };
		1C8AE1181793D63300174072 /* ONAppDelegate.h */ = {isa = PBXFileReference; lastKnownFileType = sourcecode.c.h; path = ONAppDelegate.h; sourceTree = "<group>"; };
		1C8AE1191793D63300174072 /* ONAppDelegate.m */ = {isa = PBXFileReference; lastKnownFileType = sourcecode.c.objc; path = ONAppDelegate.m; sourceTree = "<group>"; };
		1C8AE11B1793D63300174072 /* Default.png */ = {isa = PBXFileReference; lastKnownFileType = image.png; path = Default.png; sourceTree = "<group>"; };
		1C8AE11D1793D63300174072 /* Default@2x.png */ = {isa = PBXFileReference; lastKnownFileType = image.png; path = "Default@2x.png"; sourceTree = "<group>"; };
		1C8AE11F1793D63300174072 /* Default-568h@2x.png */ = {isa = PBXFileReference; lastKnownFileType = image.png; path = "Default-568h@2x.png"; sourceTree = "<group>"; };
		1C8AE1221793D63300174072 /* en */ = {isa = PBXFileReference; lastKnownFileType = file.storyboard; name = en; path = en.lproj/MainStoryboard.storyboard; sourceTree = "<group>"; };
		1C8AE1241793D63300174072 /* ONViewController.h */ = {isa = PBXFileReference; lastKnownFileType = sourcecode.c.h; path = ONViewController.h; sourceTree = "<group>"; };
		1C8AE1251793D63300174072 /* ONViewController.m */ = {isa = PBXFileReference; lastKnownFileType = sourcecode.c.objc; path = ONViewController.m; sourceTree = "<group>"; };
		1C8AE12C1793D63300174072 /* photobookTests.octest */ = {isa = PBXFileReference; explicitFileType = wrapper.cfbundle; includeInIndex = 0; path = photobookTests.octest; sourceTree = BUILT_PRODUCTS_DIR; };
		1C8AE12D1793D63300174072 /* SenTestingKit.framework */ = {isa = PBXFileReference; lastKnownFileType = wrapper.framework; name = SenTestingKit.framework; path = Library/Frameworks/SenTestingKit.framework; sourceTree = DEVELOPER_DIR; };
		1C8AE1351793D63300174072 /* photobookTests-Info.plist */ = {isa = PBXFileReference; lastKnownFileType = text.plist.xml; path = "photobookTests-Info.plist"; sourceTree = "<group>"; };
		1C8AE1371793D63300174072 /* en */ = {isa = PBXFileReference; lastKnownFileType = text.plist.strings; name = en; path = en.lproj/InfoPlist.strings; sourceTree = "<group>"; };
		1C8AE1391793D63300174072 /* photobookTests.h */ = {isa = PBXFileReference; lastKnownFileType = sourcecode.c.h; path = photobookTests.h; sourceTree = "<group>"; };
		1C8AE13A1793D63300174072 /* photobookTests.m */ = {isa = PBXFileReference; lastKnownFileType = sourcecode.c.objc; path = photobookTests.m; sourceTree = "<group>"; };
		1C8AE16B179424F400174072 /* ONMosaicViewController.h */ = {isa = PBXFileReference; fileEncoding = 4; lastKnownFileType = sourcecode.c.h; path = ONMosaicViewController.h; sourceTree = "<group>"; };
		1C8AE16C179424F400174072 /* ONMosaicViewController.m */ = {isa = PBXFileReference; fileEncoding = 4; lastKnownFileType = sourcecode.c.objc; path = ONMosaicViewController.m; sourceTree = "<group>"; };
		1C8AE3FA1794451D00174072 /* ONContentsViewController.h */ = {isa = PBXFileReference; fileEncoding = 4; lastKnownFileType = sourcecode.c.h; path = ONContentsViewController.h; sourceTree = "<group>"; };
		1C8AE3FB1794452600174072 /* ONContentsViewController.m */ = {isa = PBXFileReference; fileEncoding = 4; lastKnownFileType = sourcecode.c.objc; path = ONContentsViewController.m; sourceTree = "<group>"; };
		1C8AE3FD1794477800174072 /* settings.plist */ = {isa = PBXFileReference; fileEncoding = 4; lastKnownFileType = text.plist.xml; name = settings.plist; path = ../photobook/settings.plist; sourceTree = "<group>"; };
		1C8AE49217951F8E00174072 /* icon_menu.png */ = {isa = PBXFileReference; lastKnownFileType = image.png; path = icon_menu.png; sourceTree = "<group>"; };
		1C8AE49317951F8E00174072 /* icon_next.png */ = {isa = PBXFileReference; lastKnownFileType = image.png; path = icon_next.png; sourceTree = "<group>"; };
		1C8AE49417951F8E00174072 /* icon_prev.png */ = {isa = PBXFileReference; lastKnownFileType = image.png; path = icon_prev.png; sourceTree = "<group>"; };
		1C8AE49517951F8E00174072 /* 01.JPG */ = {isa = PBXFileReference; lastKnownFileType = image.jpeg; path = 01.JPG; sourceTree = "<group>"; };
		1C8AE49617951F8E00174072 /* 02.JPG */ = {isa = PBXFileReference; lastKnownFileType = image.jpeg; path = 02.JPG; sourceTree = "<group>"; };
		1C8AE49717951F8E00174072 /* 03.JPG */ = {isa = PBXFileReference; lastKnownFileType = image.jpeg; path = 03.JPG; sourceTree = "<group>"; };
		1C8AE49817951F8E00174072 /* 04.JPG */ = {isa = PBXFileReference; lastKnownFileType = image.jpeg; path = 04.JPG; sourceTree = "<group>"; };
		1C8AE49917951F8E00174072 /* 05.JPG */ = {isa = PBXFileReference; lastKnownFileType = image.jpeg; path = 05.JPG; sourceTree = "<group>"; };
		1C8AE49A17951F8E00174072 /* 06.JPG */ = {isa = PBXFileReference; lastKnownFileType = image.jpeg; path = 06.JPG; sourceTree = "<group>"; };
		1C8AE49B17951F8E00174072 /* 07.JPG */ = {isa = PBXFileReference; lastKnownFileType = image.jpeg; path = 07.JPG; sourceTree = "<group>"; };
		1C8AE49C17951F8E00174072 /* 08.JPG */ = {isa = PBXFileReference; lastKnownFileType = image.jpeg; path = 08.JPG; sourceTree = "<group>"; };
		1C8AE49D17951F8E00174072 /* 09.JPG */ = {isa = PBXFileReference; lastKnownFileType = image.jpeg; path = 09.JPG; sourceTree = "<group>"; };
		1C8AE49E17951F8E00174072 /* 10.JPG */ = {isa = PBXFileReference; lastKnownFileType = image.jpeg; path = 10.JPG; sourceTree = "<group>"; };
		1C8AE49F17951F8E00174072 /* 11.JPG */ = {isa = PBXFileReference; lastKnownFileType = image.jpeg; path = 11.JPG; sourceTree = "<group>"; };
		1C8AE4A017951F8E00174072 /* 12.JPG */ = {isa = PBXFileReference; lastKnownFileType = image.jpeg; path = 12.JPG; sourceTree = "<group>"; };
		1C8AE4A217951F8E00174072 /* icon_m_home.png */ = {isa = PBXFileReference; lastKnownFileType = image.png; path = icon_m_home.png; sourceTree = "<group>"; };
		1C8AE4A317951F8E00174072 /* icon_m_home_down.png */ = {isa = PBXFileReference; lastKnownFileType = image.png; path = icon_m_home_down.png; sourceTree = "<group>"; };
		1C8AE4A417951F8E00174072 /* icon_m_info.png */ = {isa = PBXFileReference; lastKnownFileType = image.png; path = icon_m_info.png; sourceTree = "<group>"; };
		1C8AE4A517951F8E00174072 /* icon_m_info_down.png */ = {isa = PBXFileReference; lastKnownFileType = image.png; path = icon_m_info_down.png; sourceTree = "<group>"; };
		1C8AE4A617951F8E00174072 /* icon_m_mosaic.png */ = {isa = PBXFileReference; lastKnownFileType = image.png; path = icon_m_mosaic.png; sourceTree = "<group>"; };
		1C8AE4A717951F8E00174072 /* icon_m_mosaic_down.png */ = {isa = PBXFileReference; lastKnownFileType = image.png; path = icon_m_mosaic_down.png; sourceTree = "<group>"; };
		1C8AE4A817951F8E00174072 /* icon_m_page.png */ = {isa = PBXFileReference; lastKnownFileType = image.png; path = icon_m_page.png; sourceTree = "<group>"; };
		1C8AE4A917951F8E00174072 /* icon_m_page_down.png */ = {isa = PBXFileReference; lastKnownFileType = image.png; path = icon_m_page_down.png; sourceTree = "<group>"; };
		1C8AE4AA17951F8E00174072 /* icon_m_painting.png */ = {isa = PBXFileReference; lastKnownFileType = image.png; path = icon_m_painting.png; sourceTree = "<group>"; };
		1C8AE4AB17951F8E00174072 /* icon_m_painting_down.png */ = {isa = PBXFileReference; lastKnownFileType = image.png; path = icon_m_painting_down.png; sourceTree = "<group>"; };
		1C8AE4AC17951F8E00174072 /* icon_m_reread.png */ = {isa = PBXFileReference; lastKnownFileType = image.png; path = icon_m_reread.png; sourceTree = "<group>"; };
		1C8AE4AD17951F8E00174072 /* icon_m_reread_down.png */ = {isa = PBXFileReference; lastKnownFileType = image.png; path = icon_m_reread_down.png; sourceTree = "<group>"; };
		1C8AE4AE17951F8E00174072 /* icon_menu.png */ = {isa = PBXFileReference; lastKnownFileType = image.png; path = icon_menu.png; sourceTree = "<group>"; };
		1C8AE4AF17951F8E00174072 /* menu_bar.png */ = {isa = PBXFileReference; lastKnownFileType = image.png; path = menu_bar.png; sourceTree = "<group>"; };
		1C8AE4B117951F8F00174072 /* mosaic_action_box.png */ = {isa = PBXFileReference; lastKnownFileType = image.png; path = mosaic_action_box.png; sourceTree = "<group>"; };
		1C8AE4B217951F8F00174072 /* mosaic_bg.png */ = {isa = PBXFileReference; lastKnownFileType = image.png; path = mosaic_bg.png; sourceTree = "<group>"; };
		1C8AE4B317951F8F00174072 /* mosaic_book.png */ = {isa = PBXFileReference; lastKnownFileType = image.png; path = mosaic_book.png; sourceTree = "<group>"; };
		1C8AE4B417951F8F00174072 /* mosaic_c01.png */ = {isa = PBXFileReference; lastKnownFileType = image.png; path = mosaic_c01.png; sourceTree = "<group>"; };
		1C8AE4B517951F8F00174072 /* mosaic_c01_down.png */ = {isa = PBXFileReference; lastKnownFileType = image.png; path = mosaic_c01_down.png; sourceTree = "<group>"; };
		1C8AE4B617951F8F00174072 /* mosaic_c02.png */ = {isa = PBXFileReference; lastKnownFileType = image.png; path = mosaic_c02.png; sourceTree = "<group>"; };
		1C8AE4B717951F8F00174072 /* mosaic_c02_down.png */ = {isa = PBXFileReference; lastKnownFileType = image.png; path = mosaic_c02_down.png; sourceTree = "<group>"; };
		1C8AE4B817951F8F00174072 /* mosaic_c03.png */ = {isa = PBXFileReference; lastKnownFileType = image.png; path = mosaic_c03.png; sourceTree = "<group>"; };
		1C8AE4B917951F8F00174072 /* mosaic_c03_down.png */ = {isa = PBXFileReference; lastKnownFileType = image.png; path = mosaic_c03_down.png; sourceTree = "<group>"; };
		1C8AE4BA17951F8F00174072 /* mosaic_c04.png */ = {isa = PBXFileReference; lastKnownFileType = image.png; path = mosaic_c04.png; sourceTree = "<group>"; };
		1C8AE4BB17951F8F00174072 /* mosaic_c04_down.png */ = {isa = PBXFileReference; lastKnownFileType = image.png; path = mosaic_c04_down.png; sourceTree = "<group>"; };
		1C8AE4BC17951F8F00174072 /* mosaic_c05.png */ = {isa = PBXFileReference; lastKnownFileType = image.png; path = mosaic_c05.png; sourceTree = "<group>"; };
		1C8AE4BD17951F8F00174072 /* mosaic_c05_down.png */ = {isa = PBXFileReference; lastKnownFileType = image.png; path = mosaic_c05_down.png; sourceTree = "<group>"; };
		1C8AE4BE17951F8F00174072 /* mosaic_c06.png */ = {isa = PBXFileReference; lastKnownFileType = image.png; path = mosaic_c06.png; sourceTree = "<group>"; };
		1C8AE4BF17951F8F00174072 /* mosaic_c06_down.png */ = {isa = PBXFileReference; lastKnownFileType = image.png; path = mosaic_c06_down.png; sourceTree = "<group>"; };
		1C8AE4C017951F8F00174072 /* mosaic_c07.png */ = {isa = PBXFileReference; lastKnownFileType = image.png; path = mosaic_c07.png; sourceTree = "<group>"; };
		1C8AE4C117951F8F00174072 /* mosaic_c07_down.png */ = {isa = PBXFileReference; lastKnownFileType = image.png; path = mosaic_c07_down.png; sourceTree = "<group>"; };
		1C8AE4C217951F8F00174072 /* mosaic_c08.png */ = {isa = PBXFileReference; lastKnownFileType = image.png; path = mosaic_c08.png; sourceTree = "<group>"; };
		1C8AE4C317951F8F00174072 /* mosaic_c08_down.png */ = {isa = PBXFileReference; lastKnownFileType = image.png; path = mosaic_c08_down.png; sourceTree = "<group>"; };
		1C8AE4C417951F8F00174072 /* mosaic_c09.png */ = {isa = PBXFileReference; lastKnownFileType = image.png; path = mosaic_c09.png; sourceTree = "<group>"; };
		1C8AE4C517951F8F00174072 /* mosaic_c09_down.png */ = {isa = PBXFileReference; lastKnownFileType = image.png; path = mosaic_c09_down.png; sourceTree = "<group>"; };
		1C8AE4C617951F8F00174072 /* mosaic_c10.png */ = {isa = PBXFileReference; lastKnownFileType = image.png; path = mosaic_c10.png; sourceTree = "<group>"; };
		1C8AE4C717951F8F00174072 /* mosaic_c10_down.png */ = {isa = PBXFileReference; lastKnownFileType = image.png; path = mosaic_c10_down.png; sourceTree = "<group>"; };
		1C8AE4C817951F8F00174072 /* mosaic_c11.png */ = {isa = PBXFileReference; lastKnownFileType = image.png; path = mosaic_c11.png; sourceTree = "<group>"; };
		1C8AE4C917951F8F00174072 /* mosaic_c11_down.png */ = {isa = PBXFileReference; lastKnownFileType = image.png; path = mosaic_c11_down.png; sourceTree = "<group>"; };
		1C8AE4CA17951F8F00174072 /* mosaic_c12.png */ = {isa = PBXFileReference; lastKnownFileType = image.png; path = mosaic_c12.png; sourceTree = "<group>"; };
		1C8AE4CB17951F8F00174072 /* mosaic_c12_down.png */ = {isa = PBXFileReference; lastKnownFileType = image.png; path = mosaic_c12_down.png; sourceTree = "<group>"; };
		1C8AE4CD17951F9000174072 /* page_img01.png */ = {isa = PBXFileReference; lastKnownFileType = image.png; path = page_img01.png; sourceTree = "<group>"; };
		1C8AE4CE17951F9000174072 /* page_img02.png */ = {isa = PBXFileReference; lastKnownFileType = image.png; path = page_img02.png; sourceTree = "<group>"; };
		1C8AE4CF17951F9000174072 /* page_img03.png */ = {isa = PBXFileReference; lastKnownFileType = image.png; path = page_img03.png; sourceTree = "<group>"; };
		1C8AE4D017951F9000174072 /* page_img04.png */ = {isa = PBXFileReference; lastKnownFileType = image.png; path = page_img04.png; sourceTree = "<group>"; };
		1C8AE4D117951F9000174072 /* page_img05.png */ = {isa = PBXFileReference; lastKnownFileType = image.png; path = page_img05.png; sourceTree = "<group>"; };
		1C8AE4D217951F9000174072 /* page_img06.png */ = {isa = PBXFileReference; lastKnownFileType = image.png; path = page_img06.png; sourceTree = "<group>"; };
		1C8AE4D317951F9000174072 /* page_img07.png */ = {isa = PBXFileReference; lastKnownFileType = image.png; path = page_img07.png; sourceTree = "<group>"; };
		1C8AE4D417951F9000174072 /* page_img08.png */ = {isa = PBXFileReference; lastKnownFileType = image.png; path = page_img08.png; sourceTree = "<group>"; };
		1C8AE4D517951F9000174072 /* page_img09.png */ = {isa = PBXFileReference; lastKnownFileType = image.png; path = page_img09.png; sourceTree = "<group>"; };
		1C8AE4D617951F9000174072 /* page_img10.png */ = {isa = PBXFileReference; lastKnownFileType = image.png; path = page_img10.png; sourceTree = "<group>"; };
		1C8AE4D717951F9000174072 /* page_img11.png */ = {isa = PBXFileReference; lastKnownFileType = image.png; path = page_img11.png; sourceTree = "<group>"; };
		1C8AE4D817951F9000174072 /* page_img12.png */ = {isa = PBXFileReference; lastKnownFileType = image.png; path = page_img12.png; sourceTree = "<group>"; };
		1C8AE4DA17951F9000174072 /* icon_play.png */ = {isa = PBXFileReference; lastKnownFileType = image.png; path = icon_play.png; sourceTree = "<group>"; };
		1C8AE4DB17951F9000174072 /* p1.jpg */ = {isa = PBXFileReference; lastKnownFileType = image.jpeg; path = p1.jpg; sourceTree = "<group>"; };
		1CEE4757179529F0009D0105 /* btn_paste_down.png */ = {isa = PBXFileReference; lastKnownFileType = image.png; path = btn_paste_down.png; sourceTree = "<group>"; };
		1CEE4758179529F0009D0105 /* btn_paste.png */ = {isa = PBXFileReference; lastKnownFileType = image.png; path = btn_paste.png; sourceTree = "<group>"; };
		1CEE475C17953353009D0105 /* ColorPickerView.h */ = {isa = PBXFileReference; fileEncoding = 4; lastKnownFileType = sourcecode.c.h; path = ColorPickerView.h; sourceTree = "<group>"; };
		1CEE475D17953353009D0105 /* ColorPickerView.m */ = {isa = PBXFileReference; fileEncoding = 4; lastKnownFileType = sourcecode.c.objc; path = ColorPickerView.m; sourceTree = "<group>"; };
		1CEE475F17953353009D0105 /* ActiveXDialog.cpp */ = {isa = PBXFileReference; fileEncoding = 4; lastKnownFileType = sourcecode.cpp.cpp; path = ActiveXDialog.cpp; sourceTree = "<group>"; };
		1CEE476017953353009D0105 /* ActiveXDialog.h */ = {isa = PBXFileReference; fileEncoding = 4; lastKnownFileType = sourcecode.c.h; path = ActiveXDialog.h; sourceTree = "<group>"; };
		1CEE476117953353009D0105 /* ColoredPaper.cpp */ = {isa = PBXFileReference; fileEncoding = 4; lastKnownFileType = sourcecode.cpp.cpp; path = ColoredPaper.cpp; sourceTree = "<group>"; };
		1CEE476217953353009D0105 /* ColoredPaper.h */ = {isa = PBXFileReference; fileEncoding = 4; lastKnownFileType = sourcecode.c.h; path = ColoredPaper.h; sourceTree = "<group>"; };
		1CEE476317953353009D0105 /* ColoredPaperMosaic.cpp */ = {isa = PBXFileReference; fileEncoding = 4; lastKnownFileType = sourcecode.cpp.cpp; path = ColoredPaperMosaic.cpp; sourceTree = "<group>"; };
		1CEE476417953353009D0105 /* ColoredPaperMosaic.h */ = {isa = PBXFileReference; fileEncoding = 4; lastKnownFileType = sourcecode.c.h; path = ColoredPaperMosaic.h; sourceTree = "<group>"; };
		1CEE476517953353009D0105 /* ColoredPapperTile.cpp */ = {isa = PBXFileReference; fileEncoding = 4; lastKnownFileType = sourcecode.cpp.cpp; path = ColoredPapperTile.cpp; sourceTree = "<group>"; };
		1CEE476617953353009D0105 /* ColoredPapperTile.h */ = {isa = PBXFileReference; fileEncoding = 4; lastKnownFileType = sourcecode.c.h; path = ColoredPapperTile.h; sourceTree = "<group>"; };
		1CEE476817953353009D0105 /* dwLIC.cpp */ = {isa = PBXFileReference; fileEncoding = 4; lastKnownFileType = sourcecode.cpp.cpp; path = dwLIC.cpp; sourceTree = "<group>"; };
		1CEE476917953353009D0105 /* dwLIC.h */ = {isa = PBXFileReference; fileEncoding = 4; lastKnownFileType = sourcecode.c.h; path = dwLIC.h; sourceTree = "<group>"; };
		1CEE476A17953353009D0105 /* ETF.cpp */ = {isa = PBXFileReference; fileEncoding = 4; lastKnownFileType = sourcecode.cpp.cpp; path = ETF.cpp; sourceTree = "<group>"; };
		1CEE476B17953353009D0105 /* ETF.h */ = {isa = PBXFileReference; fileEncoding = 4; lastKnownFileType = sourcecode.c.h; path = ETF.h; sourceTree = "<group>"; };
		1CEE476C17953353009D0105 /* fdog.cpp */ = {isa = PBXFileReference; fileEncoding = 4; lastKnownFileType = sourcecode.cpp.cpp; path = fdog.cpp; sourceTree = "<group>"; };
		1CEE476D17953353009D0105 /* fdog.h */ = {isa = PBXFileReference; fileEncoding = 4; lastKnownFileType = sourcecode.c.h; path = fdog.h; sourceTree = "<group>"; };
		1CEE476E17953353009D0105 /* imatrix.h */ = {isa = PBXFileReference; fileEncoding = 4; lastKnownFileType = sourcecode.c.h; path = imatrix.h; sourceTree = "<group>"; };
		1CEE476F17953353009D0105 /* myvec.h */ = {isa = PBXFileReference; fileEncoding = 4; lastKnownFileType = sourcecode.c.h; path = myvec.h; sourceTree = "<group>"; };
		1CEE477017953353009D0105 /* InteractiveColoredPaperMosaic.cpp */ = {isa = PBXFileReference; fileEncoding = 4; lastKnownFileType = sourcecode.cpp.cpp; path = InteractiveColoredPaperMosaic.cpp; sourceTree = "<group>"; };
		1CEE477117953353009D0105 /* InteractiveColoredPaperMosaic.h */ = {isa = PBXFileReference; fileEncoding = 4; lastKnownFileType = sourcecode.c.h; path = InteractiveColoredPaperMosaic.h; sourceTree = "<group>"; };
		1CEE477217953353009D0105 /* MNode.cpp */ = {isa = PBXFileReference; fileEncoding = 4; lastKnownFileType = sourcecode.cpp.cpp; path = MNode.cpp; sourceTree = "<group>"; };
		1CEE477317953353009D0105 /* MNode.h */ = {isa = PBXFileReference; fileEncoding = 4; lastKnownFileType = sourcecode.c.h; path = MNode.h; sourceTree = "<group>"; };
		1CEE477417953353009D0105 /* MPoint.cpp */ = {isa = PBXFileReference; fileEncoding = 4; lastKnownFileType = sourcecode.cpp.cpp; path = MPoint.cpp; sourceTree = "<group>"; };
		1CEE477517953353009D0105 /* MPoint.h */ = {isa = PBXFileReference; fileEncoding = 4; lastKnownFileType = sourcecode.c.h; path = MPoint.h; sourceTree = "<group>"; };
		1CEE477617953353009D0105 /* mSemaphore.cpp */ = {isa = PBXFileReference; fileEncoding = 4; lastKnownFileType = sourcecode.cpp.cpp; path = mSemaphore.cpp; sourceTree = "<group>"; };
		1CEE477717953353009D0105 /* mSemaphore.h */ = {isa = PBXFileReference; fileEncoding = 4; lastKnownFileType = sourcecode.c.h; path = mSemaphore.h; sourceTree = "<group>"; };
		1CEE477817953353009D0105 /* TornEffect.cpp */ = {isa = PBXFileReference; fileEncoding = 4; lastKnownFileType = sourcecode.cpp.cpp; path = TornEffect.cpp; sourceTree = "<group>"; };
		1CEE477917953353009D0105 /* TornEffect.h */ = {isa = PBXFileReference; fileEncoding = 4; lastKnownFileType = sourcecode.c.h; path = TornEffect.h; sourceTree = "<group>"; };
		1CEE477A17953353009D0105 /* xDistanceTransform.cpp */ = {isa = PBXFileReference; fileEncoding = 4; lastKnownFileType = sourcecode.cpp.cpp; path = xDistanceTransform.cpp; sourceTree = "<group>"; };
		1CEE477B17953353009D0105 /* xDistanceTransform.h */ = {isa = PBXFileReference; fileEncoding = 4; lastKnownFileType = sourcecode.c.h; path = xDistanceTransform.h; sourceTree = "<group>"; };
		1CEE477E17953353009D0105 /* edge_img.bmp */ = {isa = PBXFileReference; lastKnownFileType = image.bmp; path = edge_img.bmp; sourceTree = "<group>"; };
		1CEE477F17953353009D0105 /* mask_img.bmp */ = {isa = PBXFileReference; lastKnownFileType = image.bmp; path = mask_img.bmp; sourceTree = "<group>"; };
		1CEE478017953353009D0105 /* source_img.bmp */ = {isa = PBXFileReference; lastKnownFileType = image.bmp; path = source_img.bmp; sourceTree = "<group>"; };
		1CEE478217953353009D0105 /* edge_img.bmp */ = {isa = PBXFileReference; lastKnownFileType = image.bmp; path = edge_img.bmp; sourceTree = "<group>"; };
		1CEE478317953353009D0105 /* mask_img.bmp */ = {isa = PBXFileReference; lastKnownFileType = image.bmp; path = mask_img.bmp; sourceTree = "<group>"; };
		1CEE478417953353009D0105 /* source_img.bmp */ = {isa = PBXFileReference; lastKnownFileType = image.bmp; path = source_img.bmp; sourceTree = "<group>"; };
		1CEE478617953353009D0105 /* edge_img.bmp */ = {isa = PBXFileReference; lastKnownFileType = image.bmp; path = edge_img.bmp; sourceTree = "<group>"; };
		1CEE478717953353009D0105 /* mask_img.bmp */ = {isa = PBXFileReference; lastKnownFileType = image.bmp; path = mask_img.bmp; sourceTree = "<group>"; };
		1CEE478817953353009D0105 /* source_img.bmp */ = {isa = PBXFileReference; lastKnownFileType = image.bmp; path = source_img.bmp; sourceTree = "<group>"; };
		1CEE478A17953353009D0105 /* edge_img.bmp */ = {isa = PBXFileReference; lastKnownFileType = image.bmp; path = edge_img.bmp; sourceTree = "<group>"; };
		1CEE478B17953353009D0105 /* mask_img.bmp */ = {isa = PBXFileReference; lastKnownFileType = image.bmp; path = mask_img.bmp; sourceTree = "<group>"; };
		1CEE478C17953353009D0105 /* souce_img.bmp */ = {isa = PBXFileReference; lastKnownFileType = image.bmp; path = souce_img.bmp; sourceTree = "<group>"; };
		1CEE478E17953353009D0105 /* edge_img.bmp */ = {isa = PBXFileReference; lastKnownFileType = image.bmp; path = edge_img.bmp; sourceTree = "<group>"; };
		1CEE478F17953353009D0105 /* mask_img.bmp */ = {isa = PBXFileReference; lastKnownFileType = image.bmp; path = mask_img.bmp; sourceTree = "<group>"; };
		1CEE479017953353009D0105 /* source_img.bmp */ = {isa = PBXFileReference; lastKnownFileType = image.bmp; path = source_img.bmp; sourceTree = "<group>"; };
		1CEE479217953353009D0105 /* edge_img.bmp */ = {isa = PBXFileReference; lastKnownFileType = image.bmp; path = edge_img.bmp; sourceTree = "<group>"; };
		1CEE479317953353009D0105 /* mask_img.bmp */ = {isa = PBXFileReference; lastKnownFileType = image.bmp; path = mask_img.bmp; sourceTree = "<group>"; };
		1CEE479417953353009D0105 /* source_img.bmp */ = {isa = PBXFileReference; lastKnownFileType = image.bmp; path = source_img.bmp; sourceTree = "<group>"; };
		1CEE479517953353009D0105 /* ObjectiveC.h */ = {isa = PBXFileReference; fileEncoding = 4; lastKnownFileType = sourcecode.c.h; path = ObjectiveC.h; sourceTree = "<group>"; };
		1CEE479617953353009D0105 /* ObjectiveC.mm */ = {isa = PBXFileReference; fileEncoding = 4; lastKnownFileType = sourcecode.cpp.objcpp; path = ObjectiveC.mm; sourceTree = "<group>"; };
		1CEE479817953353009D0105 /* GLView.h */ = {isa = PBXFileReference; fileEncoding = 4; lastKnownFileType = sourcecode.c.h; path = GLView.h; sourceTree = "<group>"; };
		1CEE479917953353009D0105 /* GLView.mm */ = {isa = PBXFileReference; fileEncoding = 4; lastKnownFileType = sourcecode.cpp.objcpp; path = GLView.mm; sourceTree = "<group>"; };
		1CEE479A17953353009D0105 /* IRenderingEngine.hpp */ = {isa = PBXFileReference; fileEncoding = 4; lastKnownFileType = sourcecode.cpp.h; path = IRenderingEngine.hpp; sourceTree = "<group>"; };
		1CEE479B17953353009D0105 /* Matrix.hpp */ = {isa = PBXFileReference; fileEncoding = 4; lastKnownFileType = sourcecode.cpp.h; path = Matrix.hpp; sourceTree = "<group>"; };
		1CEE479C17953353009D0105 /* Quaternion.hpp */ = {isa = PBXFileReference; fileEncoding = 4; lastKnownFileType = sourcecode.cpp.h; path = Quaternion.hpp; sourceTree = "<group>"; };
		1CEE479D17953353009D0105 /* RenderingEngine1.cpp */ = {isa = PBXFileReference; fileEncoding = 4; lastKnownFileType = sourcecode.cpp.cpp; path = RenderingEngine1.cpp; sourceTree = "<group>"; };
		1CEE479E17953353009D0105 /* Vector.hpp */ = {isa = PBXFileReference; fileEncoding = 4; lastKnownFileType = sourcecode.cpp.h; path = Vector.hpp; sourceTree = "<group>"; };
		1CEE479F17953353009D0105 /* PaperMosaicCanvas.h */ = {isa = PBXFileReference; fileEncoding = 4; lastKnownFileType = sourcecode.c.h; path = PaperMosaicCanvas.h; sourceTree = "<group>"; };
		1CEE47A017953353009D0105 /* PaperMosaicCanvas.mm */ = {isa = PBXFileReference; fileEncoding = 4; lastKnownFileType = sourcecode.cpp.objcpp; path = PaperMosaicCanvas.mm; sourceTree = "<group>"; };
		1CEE47A117953353009D0105 /* PaperMosaicViewController.h */ = {isa = PBXFileReference; fileEncoding = 4; lastKnownFileType = sourcecode.c.h; path = PaperMosaicViewController.h; sourceTree = "<group>"; };
		1CEE47A217953353009D0105 /* PaperMosaicViewController.mm */ = {isa = PBXFileReference; fileEncoding = 4; lastKnownFileType = sourcecode.cpp.objcpp; path = PaperMosaicViewController.mm; sourceTree = "<group>"; };
		1CEE47A317953353009D0105 /* UIImageCVArrConverter.h */ = {isa = PBXFileReference; fileEncoding = 4; lastKnownFileType = sourcecode.c.h; path = UIImageCVArrConverter.h; sourceTree = "<group>"; };
		1CEE47A417953353009D0105 /* UIImageCVArrConverter.mm */ = {isa = PBXFileReference; fileEncoding = 4; lastKnownFileType = sourcecode.cpp.objcpp; path = UIImageCVArrConverter.mm; sourceTree = "<group>"; };
		1CEE47CD17953537009D0105 /* OpenGLES.framework */ = {isa = PBXFileReference; lastKnownFileType = wrapper.framework; name = OpenGLES.framework; path = System/Library/Frameworks/OpenGLES.framework; sourceTree = SDKROOT; };
		1CEE47CF1795354C009D0105 /* QuartzCore.framework */ = {isa = PBXFileReference; lastKnownFileType = wrapper.framework; name = QuartzCore.framework; path = System/Library/Frameworks/QuartzCore.framework; sourceTree = SDKROOT; };
		EA9A638A17953A9500D11A4E /* opencv2.framework */ = {isa = PBXFileReference; lastKnownFileType = wrapper.framework; path = opencv2.framework; sourceTree = "<group>"; };
/* End PBXFileReference section */

/* Begin PBXFrameworksBuildPhase section */
		1C8AE1031793D63300174072 /* Frameworks */ = {
			isa = PBXFrameworksBuildPhase;
			buildActionMask = 2147483647;
			files = (
				1CEE47D01795354C009D0105 /* QuartzCore.framework in Frameworks */,
				1CEE47CE17953537009D0105 /* OpenGLES.framework in Frameworks */,
				1C8AE10A1793D63300174072 /* UIKit.framework in Frameworks */,
				1C8AE10C1793D63300174072 /* Foundation.framework in Frameworks */,
				1C8AE10E1793D63300174072 /* CoreGraphics.framework in Frameworks */,
				EA9A638B17953A9500D11A4E /* opencv2.framework in Frameworks */,
			);
			runOnlyForDeploymentPostprocessing = 0;
		};
		1C8AE1281793D63300174072 /* Frameworks */ = {
			isa = PBXFrameworksBuildPhase;
			buildActionMask = 2147483647;
			files = (
				1C8AE12E1793D63300174072 /* SenTestingKit.framework in Frameworks */,
				1C8AE12F1793D63300174072 /* UIKit.framework in Frameworks */,
				1C8AE1301793D63300174072 /* Foundation.framework in Frameworks */,
			);
			runOnlyForDeploymentPostprocessing = 0;
		};
/* End PBXFrameworksBuildPhase section */

/* Begin PBXGroup section */
		1C8AE0FD1793D63300174072 = {
			isa = PBXGroup;
			children = (
				1CEE475B17953353009D0105 /* PaperMosaic */,
				1C8AE3811794449900174072 /* Resources */,
				1C8AE10F1793D63300174072 /* Photobook */,
				1C8AE1331793D63300174072 /* photobookTests */,
				1C8AE1081793D63300174072 /* Frameworks */,
				1C8AE1071793D63300174072 /* Products */,
			);
			sourceTree = "<group>";
		};
		1C8AE1071793D63300174072 /* Products */ = {
			isa = PBXGroup;
			children = (
				1C8AE1061793D63300174072 /* photobook.app */,
				1C8AE12C1793D63300174072 /* photobookTests.octest */,
			);
			name = Products;
			sourceTree = "<group>";
		};
		1C8AE1081793D63300174072 /* Frameworks */ = {
			isa = PBXGroup;
			children = (
				EA9A638A17953A9500D11A4E /* opencv2.framework */,
				1CEE47CF1795354C009D0105 /* QuartzCore.framework */,
				1CEE47CD17953537009D0105 /* OpenGLES.framework */,
				1C8AE1091793D63300174072 /* UIKit.framework */,
				1C8AE10B1793D63300174072 /* Foundation.framework */,
				1C8AE10D1793D63300174072 /* CoreGraphics.framework */,
				1C8AE12D1793D63300174072 /* SenTestingKit.framework */,
			);
			name = Frameworks;
			sourceTree = "<group>";
		};
		1C8AE10F1793D63300174072 /* Photobook */ = {
			isa = PBXGroup;
			children = (
				1C8AE16B179424F400174072 /* ONMosaicViewController.h */,
				1C8AE16C179424F400174072 /* ONMosaicViewController.m */,
				1C8AE3FA1794451D00174072 /* ONContentsViewController.h */,
				1C8AE3FB1794452600174072 /* ONContentsViewController.m */,
				1C8AE1181793D63300174072 /* ONAppDelegate.h */,
				1C8AE1191793D63300174072 /* ONAppDelegate.m */,
				1C8AE1211793D63300174072 /* MainStoryboard.storyboard */,
				1C8AE1241793D63300174072 /* ONViewController.h */,
				1C8AE1251793D63300174072 /* ONViewController.m */,
				1C8AE1101793D63300174072 /* Supporting Files */,
			);
			name = Photobook;
			path = photobook;
			sourceTree = "<group>";
		};
		1C8AE1101793D63300174072 /* Supporting Files */ = {
			isa = PBXGroup;
			children = (
				1C8AE1111793D63300174072 /* photobook-Info.plist */,
				1C8AE1121793D63300174072 /* InfoPlist.strings */,
				1C8AE1151793D63300174072 /* main.m */,
				1C8AE1171793D63300174072 /* photobook-Prefix.pch */,
				1C8AE11B1793D63300174072 /* Default.png */,
				1C8AE11D1793D63300174072 /* Default@2x.png */,
				1C8AE11F1793D63300174072 /* Default-568h@2x.png */,
			);
			name = "Supporting Files";
			sourceTree = "<group>";
		};
		1C8AE1331793D63300174072 /* photobookTests */ = {
			isa = PBXGroup;
			children = (
				1C8AE1391793D63300174072 /* photobookTests.h */,
				1C8AE13A1793D63300174072 /* photobookTests.m */,
				1C8AE1341793D63300174072 /* Supporting Files */,
			);
			path = photobookTests;
			sourceTree = "<group>";
		};
		1C8AE1341793D63300174072 /* Supporting Files */ = {
			isa = PBXGroup;
			children = (
				1C8AE1351793D63300174072 /* photobookTests-Info.plist */,
				1C8AE1361793D63300174072 /* InfoPlist.strings */,
			);
			name = "Supporting Files";
			sourceTree = "<group>";
		};
		1C8AE3811794449900174072 /* Resources */ = {
			isa = PBXGroup;
			children = (
				1C8AE49117951F8E00174072 /* contents */,
				1C8AE4A117951F8E00174072 /* menubar */,
				1C8AE4B017951F8E00174072 /* mosaic */,
				1C8AE4CC17951F8F00174072 /* snapshot */,
				1C8AE4D917951F9000174072 /* start */,
				1C8AE3FD1794477800174072 /* settings.plist */,
			);
			name = Resources;
			path = resources;
			sourceTree = "<group>";
		};
		1C8AE49117951F8E00174072 /* contents */ = {
			isa = PBXGroup;
			children = (
				1C8AE49217951F8E00174072 /* icon_menu.png */,
				1C8AE49317951F8E00174072 /* icon_next.png */,
				1C8AE49417951F8E00174072 /* icon_prev.png */,
				1C8AE49517951F8E00174072 /* 01.JPG */,
				1C8AE49617951F8E00174072 /* 02.JPG */,
				1C8AE49717951F8E00174072 /* 03.JPG */,
				1C8AE49817951F8E00174072 /* 04.JPG */,
				1C8AE49917951F8E00174072 /* 05.JPG */,
				1C8AE49A17951F8E00174072 /* 06.JPG */,
				1C8AE49B17951F8E00174072 /* 07.JPG */,
				1C8AE49C17951F8E00174072 /* 08.JPG */,
				1C8AE49D17951F8E00174072 /* 09.JPG */,
				1C8AE49E17951F8E00174072 /* 10.JPG */,
				1C8AE49F17951F8E00174072 /* 11.JPG */,
				1C8AE4A017951F8E00174072 /* 12.JPG */,
			);
			path = contents;
			sourceTree = "<group>";
		};
		1C8AE4A117951F8E00174072 /* menubar */ = {
			isa = PBXGroup;
			children = (
				1C8AE4A217951F8E00174072 /* icon_m_home.png */,
				1C8AE4A317951F8E00174072 /* icon_m_home_down.png */,
				1C8AE4A417951F8E00174072 /* icon_m_info.png */,
				1C8AE4A517951F8E00174072 /* icon_m_info_down.png */,
				1C8AE4A617951F8E00174072 /* icon_m_mosaic.png */,
				1C8AE4A717951F8E00174072 /* icon_m_mosaic_down.png */,
				1C8AE4A817951F8E00174072 /* icon_m_page.png */,
				1C8AE4A917951F8E00174072 /* icon_m_page_down.png */,
				1C8AE4AA17951F8E00174072 /* icon_m_painting.png */,
				1C8AE4AB17951F8E00174072 /* icon_m_painting_down.png */,
				1C8AE4AC17951F8E00174072 /* icon_m_reread.png */,
				1C8AE4AD17951F8E00174072 /* icon_m_reread_down.png */,
				1C8AE4AE17951F8E00174072 /* icon_menu.png */,
				1C8AE4AF17951F8E00174072 /* menu_bar.png */,
			);
			path = menubar;
			sourceTree = "<group>";
		};
		1C8AE4B017951F8E00174072 /* mosaic */ = {
			isa = PBXGroup;
			children = (
				1CEE4757179529F0009D0105 /* btn_paste_down.png */,
				1CEE4758179529F0009D0105 /* btn_paste.png */,
				1C8AE4B117951F8F00174072 /* mosaic_action_box.png */,
				1C8AE4B217951F8F00174072 /* mosaic_bg.png */,
				1C8AE4B317951F8F00174072 /* mosaic_book.png */,
				1C8AE4B417951F8F00174072 /* mosaic_c01.png */,
				1C8AE4B517951F8F00174072 /* mosaic_c01_down.png */,
				1C8AE4B617951F8F00174072 /* mosaic_c02.png */,
				1C8AE4B717951F8F00174072 /* mosaic_c02_down.png */,
				1C8AE4B817951F8F00174072 /* mosaic_c03.png */,
				1C8AE4B917951F8F00174072 /* mosaic_c03_down.png */,
				1C8AE4BA17951F8F00174072 /* mosaic_c04.png */,
				1C8AE4BB17951F8F00174072 /* mosaic_c04_down.png */,
				1C8AE4BC17951F8F00174072 /* mosaic_c05.png */,
				1C8AE4BD17951F8F00174072 /* mosaic_c05_down.png */,
				1C8AE4BE17951F8F00174072 /* mosaic_c06.png */,
				1C8AE4BF17951F8F00174072 /* mosaic_c06_down.png */,
				1C8AE4C017951F8F00174072 /* mosaic_c07.png */,
				1C8AE4C117951F8F00174072 /* mosaic_c07_down.png */,
				1C8AE4C217951F8F00174072 /* mosaic_c08.png */,
				1C8AE4C317951F8F00174072 /* mosaic_c08_down.png */,
				1C8AE4C417951F8F00174072 /* mosaic_c09.png */,
				1C8AE4C517951F8F00174072 /* mosaic_c09_down.png */,
				1C8AE4C617951F8F00174072 /* mosaic_c10.png */,
				1C8AE4C717951F8F00174072 /* mosaic_c10_down.png */,
				1C8AE4C817951F8F00174072 /* mosaic_c11.png */,
				1C8AE4C917951F8F00174072 /* mosaic_c11_down.png */,
				1C8AE4CA17951F8F00174072 /* mosaic_c12.png */,
				1C8AE4CB17951F8F00174072 /* mosaic_c12_down.png */,
			);
			path = mosaic;
			sourceTree = "<group>";
		};
		1C8AE4CC17951F8F00174072 /* snapshot */ = {
			isa = PBXGroup;
			children = (
				1C8AE4CD17951F9000174072 /* page_img01.png */,
				1C8AE4CE17951F9000174072 /* page_img02.png */,
				1C8AE4CF17951F9000174072 /* page_img03.png */,
				1C8AE4D017951F9000174072 /* page_img04.png */,
				1C8AE4D117951F9000174072 /* page_img05.png */,
				1C8AE4D217951F9000174072 /* page_img06.png */,
				1C8AE4D317951F9000174072 /* page_img07.png */,
				1C8AE4D417951F9000174072 /* page_img08.png */,
				1C8AE4D517951F9000174072 /* page_img09.png */,
				1C8AE4D617951F9000174072 /* page_img10.png */,
				1C8AE4D717951F9000174072 /* page_img11.png */,
				1C8AE4D817951F9000174072 /* page_img12.png */,
			);
			path = snapshot;
			sourceTree = "<group>";
		};
		1C8AE4D917951F9000174072 /* start */ = {
			isa = PBXGroup;
			children = (
				1C8AE4DA17951F9000174072 /* icon_play.png */,
				1C8AE4DB17951F9000174072 /* p1.jpg */,
			);
			path = start;
			sourceTree = "<group>";
		};
		1CEE475B17953353009D0105 /* PaperMosaic */ = {
			isa = PBXGroup;
			children = (
				1CEE475C17953353009D0105 /* ColorPickerView.h */,
				1CEE475D17953353009D0105 /* ColorPickerView.m */,
				1CEE475E17953353009D0105 /* cpp */,
				1CEE477C17953353009D0105 /* image_resource */,
				1CEE479517953353009D0105 /* ObjectiveC.h */,
				1CEE479617953353009D0105 /* ObjectiveC.mm */,
				1CEE479717953353009D0105 /* opengles */,
				1CEE479F17953353009D0105 /* PaperMosaicCanvas.h */,
				1CEE47A017953353009D0105 /* PaperMosaicCanvas.mm */,
				1CEE47A117953353009D0105 /* PaperMosaicViewController.h */,
				1CEE47A217953353009D0105 /* PaperMosaicViewController.mm */,
				1CEE47A317953353009D0105 /* UIImageCVArrConverter.h */,
				1CEE47A417953353009D0105 /* UIImageCVArrConverter.mm */,
			);
			path = PaperMosaic;
			sourceTree = "<group>";
		};
		1CEE475E17953353009D0105 /* cpp */ = {
			isa = PBXGroup;
			children = (
				1CEE475F17953353009D0105 /* ActiveXDialog.cpp */,
				1CEE476017953353009D0105 /* ActiveXDialog.h */,
				1CEE476117953353009D0105 /* ColoredPaper.cpp */,
				1CEE476217953353009D0105 /* ColoredPaper.h */,
				1CEE476317953353009D0105 /* ColoredPaperMosaic.cpp */,
				1CEE476417953353009D0105 /* ColoredPaperMosaic.h */,
				1CEE476517953353009D0105 /* ColoredPapperTile.cpp */,
				1CEE476617953353009D0105 /* ColoredPapperTile.h */,
				1CEE476717953353009D0105 /* ETF */,
				1CEE477017953353009D0105 /* InteractiveColoredPaperMosaic.cpp */,
				1CEE477117953353009D0105 /* InteractiveColoredPaperMosaic.h */,
				1CEE477217953353009D0105 /* MNode.cpp */,
				1CEE477317953353009D0105 /* MNode.h */,
				1CEE477417953353009D0105 /* MPoint.cpp */,
				1CEE477517953353009D0105 /* MPoint.h */,
				1CEE477617953353009D0105 /* mSemaphore.cpp */,
				1CEE477717953353009D0105 /* mSemaphore.h */,
				1CEE477817953353009D0105 /* TornEffect.cpp */,
				1CEE477917953353009D0105 /* TornEffect.h */,
				1CEE477A17953353009D0105 /* xDistanceTransform.cpp */,
				1CEE477B17953353009D0105 /* xDistanceTransform.h */,
			);
			path = cpp;
			sourceTree = "<group>";
		};
		1CEE476717953353009D0105 /* ETF */ = {
			isa = PBXGroup;
			children = (
				1CEE476817953353009D0105 /* dwLIC.cpp */,
				1CEE476917953353009D0105 /* dwLIC.h */,
				1CEE476A17953353009D0105 /* ETF.cpp */,
				1CEE476B17953353009D0105 /* ETF.h */,
				1CEE476C17953353009D0105 /* fdog.cpp */,
				1CEE476D17953353009D0105 /* fdog.h */,
				1CEE476E17953353009D0105 /* imatrix.h */,
				1CEE476F17953353009D0105 /* myvec.h */,
			);
			path = ETF;
			sourceTree = "<group>";
		};
		1CEE477C17953353009D0105 /* image_resource */ = {
			isa = PBXGroup;
			children = (
				1CEE477D17953353009D0105 /* bug */,
				1CEE478117953353009D0105 /* chicken */,
				1CEE478517953353009D0105 /* dog */,
				1CEE478917953353009D0105 /* monster */,
				1CEE478D17953353009D0105 /* poo */,
				1CEE479117953353009D0105 /* taeg */,
			);
			path = image_resource;
			sourceTree = "<group>";
		};
		1CEE477D17953353009D0105 /* bug */ = {
			isa = PBXGroup;
			children = (
				1CEE477E17953353009D0105 /* edge_img.bmp */,
				1CEE477F17953353009D0105 /* mask_img.bmp */,
				1CEE478017953353009D0105 /* source_img.bmp */,
			);
			path = bug;
			sourceTree = "<group>";
		};
		1CEE478117953353009D0105 /* chicken */ = {
			isa = PBXGroup;
			children = (
				1CEE478217953353009D0105 /* edge_img.bmp */,
				1CEE478317953353009D0105 /* mask_img.bmp */,
				1CEE478417953353009D0105 /* source_img.bmp */,
			);
			path = chicken;
			sourceTree = "<group>";
		};
		1CEE478517953353009D0105 /* dog */ = {
			isa = PBXGroup;
			children = (
				1CEE478617953353009D0105 /* edge_img.bmp */,
				1CEE478717953353009D0105 /* mask_img.bmp */,
				1CEE478817953353009D0105 /* source_img.bmp */,
			);
			path = dog;
			sourceTree = "<group>";
		};
		1CEE478917953353009D0105 /* monster */ = {
			isa = PBXGroup;
			children = (
				1CEE478A17953353009D0105 /* edge_img.bmp */,
				1CEE478B17953353009D0105 /* mask_img.bmp */,
				1CEE478C17953353009D0105 /* souce_img.bmp */,
			);
			path = monster;
			sourceTree = "<group>";
		};
		1CEE478D17953353009D0105 /* poo */ = {
			isa = PBXGroup;
			children = (
				1CEE478E17953353009D0105 /* edge_img.bmp */,
				1CEE478F17953353009D0105 /* mask_img.bmp */,
				1CEE479017953353009D0105 /* source_img.bmp */,
			);
			path = poo;
			sourceTree = "<group>";
		};
		1CEE479117953353009D0105 /* taeg */ = {
			isa = PBXGroup;
			children = (
				1CEE479217953353009D0105 /* edge_img.bmp */,
				1CEE479317953353009D0105 /* mask_img.bmp */,
				1CEE479417953353009D0105 /* source_img.bmp */,
			);
			path = taeg;
			sourceTree = "<group>";
		};
		1CEE479717953353009D0105 /* opengles */ = {
			isa = PBXGroup;
			children = (
				1CEE479817953353009D0105 /* GLView.h */,
				1CEE479917953353009D0105 /* GLView.mm */,
				1CEE479A17953353009D0105 /* IRenderingEngine.hpp */,
				1CEE479B17953353009D0105 /* Matrix.hpp */,
				1CEE479C17953353009D0105 /* Quaternion.hpp */,
				1CEE479D17953353009D0105 /* RenderingEngine1.cpp */,
				1CEE479E17953353009D0105 /* Vector.hpp */,
			);
			path = opengles;
			sourceTree = "<group>";
		};
/* End PBXGroup section */

/* Begin PBXNativeTarget section */
		1C8AE1051793D63300174072 /* photobook */ = {
			isa = PBXNativeTarget;
			buildConfigurationList = 1C8AE13E1793D63300174072 /* Build configuration list for PBXNativeTarget "photobook" */;
			buildPhases = (
				1C8AE1021793D63300174072 /* Sources */,
				1C8AE1031793D63300174072 /* Frameworks */,
				1C8AE1041793D63300174072 /* Resources */,
			);
			buildRules = (
			);
			dependencies = (
			);
			name = photobook;
			productName = photobook;
			productReference = 1C8AE1061793D63300174072 /* photobook.app */;
			productType = "com.apple.product-type.application";
		};
		1C8AE12B1793D63300174072 /* photobookTests */ = {
			isa = PBXNativeTarget;
			buildConfigurationList = 1C8AE1411793D63300174072 /* Build configuration list for PBXNativeTarget "photobookTests" */;
			buildPhases = (
				1C8AE1271793D63300174072 /* Sources */,
				1C8AE1281793D63300174072 /* Frameworks */,
				1C8AE1291793D63300174072 /* Resources */,
				1C8AE12A1793D63300174072 /* ShellScript */,
			);
			buildRules = (
			);
			dependencies = (
				1C8AE1321793D63300174072 /* PBXTargetDependency */,
			);
			name = photobookTests;
			productName = photobookTests;
			productReference = 1C8AE12C1793D63300174072 /* photobookTests.octest */;
			productType = "com.apple.product-type.bundle";
		};
/* End PBXNativeTarget section */

/* Begin PBXProject section */
		1C8AE0FE1793D63300174072 /* Project object */ = {
			isa = PBXProject;
			attributes = {
				CLASSPREFIX = ON;
				LastUpgradeCheck = 0460;
				ORGANIZATIONNAME = SeulBeom;
			};
			buildConfigurationList = 1C8AE1011793D63300174072 /* Build configuration list for PBXProject "photobook" */;
			compatibilityVersion = "Xcode 3.2";
			developmentRegion = English;
			hasScannedForEncodings = 0;
			knownRegions = (
				en,
			);
			mainGroup = 1C8AE0FD1793D63300174072;
			productRefGroup = 1C8AE1071793D63300174072 /* Products */;
			projectDirPath = "";
			projectRoot = "";
			targets = (
				1C8AE1051793D63300174072 /* photobook */,
				1C8AE12B1793D63300174072 /* photobookTests */,
			);
		};
/* End PBXProject section */

/* Begin PBXResourcesBuildPhase section */
		1C8AE1041793D63300174072 /* Resources */ = {
			isa = PBXResourcesBuildPhase;
			buildActionMask = 2147483647;
			files = (
				1C8AE1141793D63300174072 /* InfoPlist.strings in Resources */,
				1C8AE11C1793D63300174072 /* Default.png in Resources */,
				1C8AE11E1793D63300174072 /* Default@2x.png in Resources */,
				1C8AE1201793D63300174072 /* Default-568h@2x.png in Resources */,
				1C8AE1231793D63300174072 /* MainStoryboard.storyboard in Resources */,
				1C8AE3FE1794477800174072 /* settings.plist in Resources */,
				1C8AE4DC17951F9000174072 /* icon_menu.png in Resources */,
				1C8AE4DD17951F9000174072 /* icon_next.png in Resources */,
				1C8AE4DE17951F9000174072 /* icon_prev.png in Resources */,
				1C8AE4DF17951F9000174072 /* 01.JPG in Resources */,
				1C8AE4E017951F9000174072 /* 02.JPG in Resources */,
				1C8AE4E117951F9000174072 /* 03.JPG in Resources */,
				1C8AE4E217951F9000174072 /* 04.JPG in Resources */,
				1C8AE4E317951F9000174072 /* 05.JPG in Resources */,
				1C8AE4E417951F9000174072 /* 06.JPG in Resources */,
				1C8AE4E517951F9000174072 /* 07.JPG in Resources */,
				1C8AE4E617951F9000174072 /* 08.JPG in Resources */,
				1C8AE4E717951F9000174072 /* 09.JPG in Resources */,
				1C8AE4E817951F9000174072 /* 10.JPG in Resources */,
				1C8AE4E917951F9000174072 /* 11.JPG in Resources */,
				1C8AE4EA17951F9000174072 /* 12.JPG in Resources */,
				1C8AE4EB17951F9000174072 /* icon_m_home.png in Resources */,
				1C8AE4EC17951F9000174072 /* icon_m_home_down.png in Resources */,
				1C8AE4ED17951F9000174072 /* icon_m_info.png in Resources */,
				1C8AE4EE17951F9000174072 /* icon_m_info_down.png in Resources */,
				1C8AE4EF17951F9000174072 /* icon_m_mosaic.png in Resources */,
				1C8AE4F017951F9000174072 /* icon_m_mosaic_down.png in Resources */,
				1C8AE4F117951F9000174072 /* icon_m_page.png in Resources */,
				1C8AE4F217951F9000174072 /* icon_m_page_down.png in Resources */,
				1C8AE4F317951F9000174072 /* icon_m_painting.png in Resources */,
				1C8AE4F417951F9000174072 /* icon_m_painting_down.png in Resources */,
				1C8AE4F517951F9000174072 /* icon_m_reread.png in Resources */,
				1C8AE4F617951F9000174072 /* icon_m_reread_down.png in Resources */,
				1C8AE4F717951F9000174072 /* icon_menu.png in Resources */,
				1C8AE4F817951F9000174072 /* menu_bar.png in Resources */,
				1C8AE4F917951F9000174072 /* mosaic_action_box.png in Resources */,
				1C8AE4FA17951F9000174072 /* mosaic_bg.png in Resources */,
				1C8AE4FB17951F9000174072 /* mosaic_book.png in Resources */,
				1C8AE4FC17951F9000174072 /* mosaic_c01.png in Resources */,
				1C8AE4FD17951F9000174072 /* mosaic_c01_down.png in Resources */,
				1C8AE4FE17951F9000174072 /* mosaic_c02.png in Resources */,
				1C8AE4FF17951F9000174072 /* mosaic_c02_down.png in Resources */,
				1C8AE50017951F9000174072 /* mosaic_c03.png in Resources */,
				1C8AE50117951F9000174072 /* mosaic_c03_down.png in Resources */,
				1C8AE50217951F9000174072 /* mosaic_c04.png in Resources */,
				1C8AE50317951F9000174072 /* mosaic_c04_down.png in Resources */,
				1C8AE50417951F9000174072 /* mosaic_c05.png in Resources */,
				1C8AE50517951F9000174072 /* mosaic_c05_down.png in Resources */,
				1C8AE50617951F9000174072 /* mosaic_c06.png in Resources */,
				1C8AE50717951F9000174072 /* mosaic_c06_down.png in Resources */,
				1C8AE50817951F9000174072 /* mosaic_c07.png in Resources */,
				1C8AE50917951F9000174072 /* mosaic_c07_down.png in Resources */,
				1C8AE50A17951F9000174072 /* mosaic_c08.png in Resources */,
				1C8AE50B17951F9000174072 /* mosaic_c08_down.png in Resources */,
				1C8AE50C17951F9000174072 /* mosaic_c09.png in Resources */,
				1C8AE50D17951F9000174072 /* mosaic_c09_down.png in Resources */,
				1C8AE50E17951F9000174072 /* mosaic_c10.png in Resources */,
				1C8AE50F17951F9000174072 /* mosaic_c10_down.png in Resources */,
				1C8AE51017951F9000174072 /* mosaic_c11.png in Resources */,
				1C8AE51117951F9000174072 /* mosaic_c11_down.png in Resources */,
				1C8AE51217951F9000174072 /* mosaic_c12.png in Resources */,
				1C8AE51317951F9000174072 /* mosaic_c12_down.png in Resources */,
				1C8AE51417951F9000174072 /* page_img01.png in Resources */,
				1C8AE51517951F9000174072 /* page_img02.png in Resources */,
				1C8AE51617951F9000174072 /* page_img03.png in Resources */,
				1C8AE51717951F9000174072 /* page_img04.png in Resources */,
				1C8AE51817951F9000174072 /* page_img05.png in Resources */,
				1C8AE51917951F9000174072 /* page_img06.png in Resources */,
				1C8AE51A17951F9000174072 /* page_img07.png in Resources */,
				1C8AE51B17951F9000174072 /* page_img08.png in Resources */,
				1C8AE51C17951F9000174072 /* page_img09.png in Resources */,
				1C8AE51D17951F9000174072 /* page_img10.png in Resources */,
				1C8AE51E17951F9000174072 /* page_img11.png in Resources */,
				1C8AE51F17951F9000174072 /* page_img12.png in Resources */,
				1C8AE52017951F9000174072 /* icon_play.png in Resources */,
				1C8AE52117951F9000174072 /* p1.jpg in Resources */,
				1CEE4759179529F0009D0105 /* btn_paste_down.png in Resources */,
				1CEE475A179529F0009D0105 /* btn_paste.png in Resources */,
				1CEE47B317953353009D0105 /* edge_img.bmp in Resources */,
				1CEE47B417953353009D0105 /* mask_img.bmp in Resources */,
				1CEE47B517953353009D0105 /* source_img.bmp in Resources */,
				1CEE47B617953353009D0105 /* edge_img.bmp in Resources */,
				1CEE47B717953353009D0105 /* mask_img.bmp in Resources */,
				1CEE47B817953353009D0105 /* source_img.bmp in Resources */,
				1CEE47B917953353009D0105 /* edge_img.bmp in Resources */,
				1CEE47BA17953353009D0105 /* mask_img.bmp in Resources */,
				1CEE47BB17953353009D0105 /* source_img.bmp in Resources */,
				1CEE47BC17953353009D0105 /* edge_img.bmp in Resources */,
				1CEE47BD17953353009D0105 /* mask_img.bmp in Resources */,
				1CEE47BE17953353009D0105 /* souce_img.bmp in Resources */,
				1CEE47BF17953353009D0105 /* edge_img.bmp in Resources */,
				1CEE47C017953353009D0105 /* mask_img.bmp in Resources */,
				1CEE47C117953353009D0105 /* source_img.bmp in Resources */,
				1CEE47C217953353009D0105 /* edge_img.bmp in Resources */,
				1CEE47C317953353009D0105 /* mask_img.bmp in Resources */,
				1CEE47C417953353009D0105 /* source_img.bmp in Resources */,
			);
			runOnlyForDeploymentPostprocessing = 0;
		};
		1C8AE1291793D63300174072 /* Resources */ = {
			isa = PBXResourcesBuildPhase;
			buildActionMask = 2147483647;
			files = (
				1C8AE1381793D63300174072 /* InfoPlist.strings in Resources */,
			);
			runOnlyForDeploymentPostprocessing = 0;
		};
/* End PBXResourcesBuildPhase section */

/* Begin PBXShellScriptBuildPhase section */
		1C8AE12A1793D63300174072 /* ShellScript */ = {
			isa = PBXShellScriptBuildPhase;
			buildActionMask = 2147483647;
			files = (
			);
			inputPaths = (
			);
			outputPaths = (
			);
			runOnlyForDeploymentPostprocessing = 0;
			shellPath = /bin/sh;
			shellScript = "# Run the unit tests in this test bundle.\n\"${SYSTEM_DEVELOPER_DIR}/Tools/RunUnitTests\"\n";
		};
/* End PBXShellScriptBuildPhase section */

/* Begin PBXSourcesBuildPhase section */
		1C8AE1021793D63300174072 /* Sources */ = {
			isa = PBXSourcesBuildPhase;
			buildActionMask = 2147483647;
			files = (
				1C8AE1161793D63300174072 /* main.m in Sources */,
				1C8AE11A1793D63300174072 /* ONAppDelegate.m in Sources */,
				1C8AE1261793D63300174072 /* ONViewController.m in Sources */,
				1C8AE16D179424F400174072 /* ONMosaicViewController.m in Sources */,
				1C8AE3FC1794452600174072 /* ONContentsViewController.m in Sources */,
				1CEE47A517953353009D0105 /* ColorPickerView.m in Sources */,
				1CEE47A617953353009D0105 /* ActiveXDialog.cpp in Sources */,
				1CEE47A717953353009D0105 /* ColoredPaper.cpp in Sources */,
				1CEE47A817953353009D0105 /* ColoredPaperMosaic.cpp in Sources */,
				1CEE47A917953353009D0105 /* ColoredPapperTile.cpp in Sources */,
				1CEE47AA17953353009D0105 /* dwLIC.cpp in Sources */,
				1CEE47AB17953353009D0105 /* ETF.cpp in Sources */,
				1CEE47AC17953353009D0105 /* fdog.cpp in Sources */,
				1CEE47AD17953353009D0105 /* InteractiveColoredPaperMosaic.cpp in Sources */,
				1CEE47AE17953353009D0105 /* MNode.cpp in Sources */,
				1CEE47AF17953353009D0105 /* MPoint.cpp in Sources */,
				1CEE47B017953353009D0105 /* mSemaphore.cpp in Sources */,
				1CEE47B117953353009D0105 /* TornEffect.cpp in Sources */,
				1CEE47B217953353009D0105 /* xDistanceTransform.cpp in Sources */,
				1CEE47C517953353009D0105 /* ObjectiveC.mm in Sources */,
				1CEE47C617953353009D0105 /* GLView.mm in Sources */,
				1CEE47C717953353009D0105 /* RenderingEngine1.cpp in Sources */,
				1CEE47C817953353009D0105 /* PaperMosaicCanvas.mm in Sources */,
				1CEE47C917953353009D0105 /* PaperMosaicViewController.mm in Sources */,
				1CEE47CA17953353009D0105 /* UIImageCVArrConverter.mm in Sources */,
			);
			runOnlyForDeploymentPostprocessing = 0;
		};
		1C8AE1271793D63300174072 /* Sources */ = {
			isa = PBXSourcesBuildPhase;
			buildActionMask = 2147483647;
			files = (
				1C8AE13B1793D63300174072 /* photobookTests.m in Sources */,
			);
			runOnlyForDeploymentPostprocessing = 0;
		};
/* End PBXSourcesBuildPhase section */

/* Begin PBXTargetDependency section */
		1C8AE1321793D63300174072 /* PBXTargetDependency */ = {
			isa = PBXTargetDependency;
			target = 1C8AE1051793D63300174072 /* photobook */;
			targetProxy = 1C8AE1311793D63300174072 /* PBXContainerItemProxy */;
		};
/* End PBXTargetDependency section */

/* Begin PBXVariantGroup section */
		1C8AE1121793D63300174072 /* InfoPlist.strings */ = {
			isa = PBXVariantGroup;
			children = (
				1C8AE1131793D63300174072 /* en */,
			);
			name = InfoPlist.strings;
			sourceTree = "<group>";
		};
		1C8AE1211793D63300174072 /* MainStoryboard.storyboard */ = {
			isa = PBXVariantGroup;
			children = (
				1C8AE1221793D63300174072 /* en */,
			);
			name = MainStoryboard.storyboard;
			sourceTree = "<group>";
		};
		1C8AE1361793D63300174072 /* InfoPlist.strings */ = {
			isa = PBXVariantGroup;
			children = (
				1C8AE1371793D63300174072 /* en */,
			);
			name = InfoPlist.strings;
			sourceTree = "<group>";
		};
/* End PBXVariantGroup section */

/* Begin XCBuildConfiguration section */
		1C8AE13C1793D63300174072 /* Debug */ = {
			isa = XCBuildConfiguration;
			buildSettings = {
				ALWAYS_SEARCH_USER_PATHS = NO;
				CLANG_CXX_LANGUAGE_STANDARD = "gnu++0x";
				CLANG_CXX_LIBRARY = "libc++";
				CLANG_ENABLE_OBJC_ARC = YES;
				CLANG_WARN_CONSTANT_CONVERSION = YES;
				CLANG_WARN_EMPTY_BODY = YES;
				CLANG_WARN_ENUM_CONVERSION = YES;
				CLANG_WARN_INT_CONVERSION = YES;
				CLANG_WARN__DUPLICATE_METHOD_MATCH = YES;
				"CODE_SIGN_IDENTITY[sdk=iphoneos*]" = "iPhone Developer";
				COPY_PHASE_STRIP = NO;
				GCC_C_LANGUAGE_STANDARD = gnu99;
				GCC_DYNAMIC_NO_PIC = NO;
				GCC_OPTIMIZATION_LEVEL = 0;
				GCC_PREPROCESSOR_DEFINITIONS = (
					"DEBUG=1",
					"$(inherited)",
				);
				GCC_SYMBOLS_PRIVATE_EXTERN = NO;
				GCC_WARN_ABOUT_RETURN_TYPE = YES;
				GCC_WARN_UNINITIALIZED_AUTOS = YES;
				GCC_WARN_UNUSED_VARIABLE = YES;
				IPHONEOS_DEPLOYMENT_TARGET = 6.1;
				ONLY_ACTIVE_ARCH = YES;
				SDKROOT = iphoneos;
				TARGETED_DEVICE_FAMILY = 2;
			};
			name = Debug;
		};
		1C8AE13D1793D63300174072 /* Release */ = {
			isa = XCBuildConfiguration;
			buildSettings = {
				ALWAYS_SEARCH_USER_PATHS = NO;
				CLANG_CXX_LANGUAGE_STANDARD = "gnu++0x";
				CLANG_CXX_LIBRARY = "libc++";
				CLANG_ENABLE_OBJC_ARC = YES;
				CLANG_WARN_CONSTANT_CONVERSION = YES;
				CLANG_WARN_EMPTY_BODY = YES;
				CLANG_WARN_ENUM_CONVERSION = YES;
				CLANG_WARN_INT_CONVERSION = YES;
				CLANG_WARN__DUPLICATE_METHOD_MATCH = YES;
				"CODE_SIGN_IDENTITY[sdk=iphoneos*]" = "iPhone Developer";
				COPY_PHASE_STRIP = YES;
				GCC_C_LANGUAGE_STANDARD = gnu99;
				GCC_WARN_ABOUT_RETURN_TYPE = YES;
				GCC_WARN_UNINITIALIZED_AUTOS = YES;
				GCC_WARN_UNUSED_VARIABLE = YES;
				IPHONEOS_DEPLOYMENT_TARGET = 6.1;
				OTHER_CFLAGS = "-DNS_BLOCK_ASSERTIONS=1";
				SDKROOT = iphoneos;
				TARGETED_DEVICE_FAMILY = 2;
				VALIDATE_PRODUCT = YES;
			};
			name = Release;
		};
		1C8AE13F1793D63300174072 /* Debug */ = {
			isa = XCBuildConfiguration;
			buildSettings = {
				CLANG_CXX_LANGUAGE_STANDARD = "c++0x";
				CLANG_CXX_LIBRARY = "libc++";
				FRAMEWORK_SEARCH_PATHS = (
					"$(inherited)",
					"\"$(SRCROOT)\"",
					"\"$(SRCROOT)/../ArisuLA\"",
				);
				GCC_C_LANGUAGE_STANDARD = "compiler-default";
				GCC_INPUT_FILETYPE = sourcecode.cpp.objcpp;
				GCC_PRECOMPILE_PREFIX_HEADER = YES;
				GCC_PREFIX_HEADER = "photobook/photobook-Prefix.pch";
				INFOPLIST_FILE = "photobook/photobook-Info.plist";
				PRODUCT_NAME = "$(TARGET_NAME)";
				TARGETED_DEVICE_FAMILY = 2;
				WRAPPER_EXTENSION = app;
			};
			name = Debug;
		};
		1C8AE1401793D63300174072 /* Release */ = {
			isa = XCBuildConfiguration;
			buildSettings = {
				CLANG_CXX_LANGUAGE_STANDARD = "c++0x";
				CLANG_CXX_LIBRARY = "libc++";
				FRAMEWORK_SEARCH_PATHS = (
					"$(inherited)",
					"\"$(SRCROOT)\"",
					"\"$(SRCROOT)/../ArisuLA\"",
				);
				GCC_C_LANGUAGE_STANDARD = "compiler-default";
				GCC_INPUT_FILETYPE = sourcecode.cpp.objcpp;
				GCC_PRECOMPILE_PREFIX_HEADER = YES;
				GCC_PREFIX_HEADER = "photobook/photobook-Prefix.pch";
				INFOPLIST_FILE = "photobook/photobook-Info.plist";
				PRODUCT_NAME = "$(TARGET_NAME)";
				TARGETED_DEVICE_FAMILY = 2;
				WRAPPER_EXTENSION = app;
			};
			name = Release;
		};
		1C8AE1421793D63300174072 /* Debug */ = {
			isa = XCBuildConfiguration;
			buildSettings = {
				BUNDLE_LOADER = "$(BUILT_PRODUCTS_DIR)/photobook.app/photobook";
				FRAMEWORK_SEARCH_PATHS = (
					"\"$(SDKROOT)/Developer/Library/Frameworks\"",
					"\"$(DEVELOPER_LIBRARY_DIR)/Frameworks\"",
				);
				GCC_PRECOMPILE_PREFIX_HEADER = YES;
				GCC_PREFIX_HEADER = "photobook/photobook-Prefix.pch";
				INFOPLIST_FILE = "photobookTests/photobookTests-Info.plist";
				PRODUCT_NAME = "$(TARGET_NAME)";
				TEST_HOST = "$(BUNDLE_LOADER)";
				WRAPPER_EXTENSION = octest;
			};
			name = Debug;
		};
		1C8AE1431793D63300174072 /* Release */ = {
			isa = XCBuildConfiguration;
			buildSettings = {
				BUNDLE_LOADER = "$(BUILT_PRODUCTS_DIR)/photobook.app/photobook";
				FRAMEWORK_SEARCH_PATHS = (
					"\"$(SDKROOT)/Developer/Library/Frameworks\"",
					"\"$(DEVELOPER_LIBRARY_DIR)/Frameworks\"",
				);
				GCC_PRECOMPILE_PREFIX_HEADER = YES;
				GCC_PREFIX_HEADER = "photobook/photobook-Prefix.pch";
				INFOPLIST_FILE = "photobookTests/photobookTests-Info.plist";
				PRODUCT_NAME = "$(TARGET_NAME)";
				TEST_HOST = "$(BUNDLE_LOADER)";
				WRAPPER_EXTENSION = octest;
			};
			name = Release;
		};
/* End XCBuildConfiguration section */

/* Begin XCConfigurationList section */
		1C8AE1011793D63300174072 /* Build configuration list for PBXProject "photobook" */ = {
			isa = XCConfigurationList;
			buildConfigurations = (
				1C8AE13C1793D63300174072 /* Debug */,
				1C8AE13D1793D63300174072 /* Release */,
			);
			defaultConfigurationIsVisible = 0;
			defaultConfigurationName = Release;
		};
		1C8AE13E1793D63300174072 /* Build configuration list for PBXNativeTarget "photobook" */ = {
			isa = XCConfigurationList;
			buildConfigurations = (
				1C8AE13F1793D63300174072 /* Debug */,
				1C8AE1401793D63300174072 /* Release */,
			);
			defaultConfigurationIsVisible = 0;
			defaultConfigurationName = Release;
		};
		1C8AE1411793D63300174072 /* Build configuration list for PBXNativeTarget "photobookTests" */ = {
			isa = XCConfigurationList;
			buildConfigurations = (
				1C8AE1421793D63300174072 /* Debug */,
				1C8AE1431793D63300174072 /* Release */,
			);
			defaultConfigurationIsVisible = 0;
			defaultConfigurationName = Release;
		};
/* End XCConfigurationList section */
	};
	rootObject = 1C8AE0FE1793D63300174072 /* Project object */;
}
